// !$*UTF8*$!
{
	archiveVersion = 1;
	classes = {
	};
	objectVersion = 46;
	objects = {

/* Begin PBXBuildFile section */
		392CAB8B1B9FC0A3001F284A /* SVIndefiniteAnimatedView.m in Sources */ = {isa = PBXBuildFile; fileRef = 392CAB841B9FC0A3001F284A /* SVIndefiniteAnimatedView.m */; };
		392CAB8C1B9FC0A3001F284A /* SVProgressHUD.bundle in Resources */ = {isa = PBXBuildFile; fileRef = 392CAB861B9FC0A3001F284A /* SVProgressHUD.bundle */; };
		392CAB8D1B9FC0A3001F284A /* SVProgressHUD.m in Sources */ = {isa = PBXBuildFile; fileRef = 392CAB881B9FC0A3001F284A /* SVProgressHUD.m */; };
		392CAB8E1B9FC0A3001F284A /* SVRadialGradientLayer.m in Sources */ = {isa = PBXBuildFile; fileRef = 392CAB8A1B9FC0A3001F284A /* SVRadialGradientLayer.m */; };
		3933742D1B96CD1C002455BB /* Dzst_color.png in Resources */ = {isa = PBXBuildFile; fileRef = 3933742C1B96CD1C002455BB /* Dzst_color.png */; };
		393374371B9C0C09002455BB /* Reachability.m in Sources */ = {isa = PBXBuildFile; fileRef = 393374361B9C0C09002455BB /* Reachability.m */; };
		393374391B9C2A02002455BB /* Dzst_delete_desc.png in Resources */ = {isa = PBXBuildFile; fileRef = 393374381B9C2A02002455BB /* Dzst_delete_desc.png */; };
		393374461B9C6566002455BB /* NewFeatureController.m in Sources */ = {isa = PBXBuildFile; fileRef = 393374441B9C6566002455BB /* NewFeatureController.m */; };
		3933744A1B9C667A002455BB /* UIView+Extension.m in Sources */ = {isa = PBXBuildFile; fileRef = 393374491B9C667A002455BB /* UIView+Extension.m */; };
		3933744F1B9C6EF4002455BB /* Dzst_splash1.png in Resources */ = {isa = PBXBuildFile; fileRef = 3933744B1B9C6EF4002455BB /* Dzst_splash1.png */; };
		393374501B9C6EF4002455BB /* Dzst_splash2.png in Resources */ = {isa = PBXBuildFile; fileRef = 3933744C1B9C6EF4002455BB /* Dzst_splash2.png */; };
		393374511B9C6EF4002455BB /* Dzst_splash3.png in Resources */ = {isa = PBXBuildFile; fileRef = 3933744D1B9C6EF4002455BB /* Dzst_splash3.png */; };
		393374521B9C6EF4002455BB /* Dzst_splash4.png in Resources */ = {isa = PBXBuildFile; fileRef = 3933744E1B9C6EF4002455BB /* Dzst_splash4.png */; };
		397135791B96BF350092B846 /* Dzst_cbl_avatar.png in Resources */ = {isa = PBXBuildFile; fileRef = 3971356E1B96BF350092B846 /* Dzst_cbl_avatar.png */; };
		3971357A1B96BF350092B846 /* Dzst_cbl_bg.png in Resources */ = {isa = PBXBuildFile; fileRef = 3971356F1B96BF350092B846 /* Dzst_cbl_bg.png */; };
		3971357B1B96BF350092B846 /* Dzst_cbl_icon_arrow_click.png in Resources */ = {isa = PBXBuildFile; fileRef = 397135701B96BF350092B846 /* Dzst_cbl_icon_arrow_click.png */; };
		3971357C1B96BF350092B846 /* Dzst_cbl_icon_arrow_normal.png in Resources */ = {isa = PBXBuildFile; fileRef = 397135711B96BF350092B846 /* Dzst_cbl_icon_arrow_normal.png */; };
		3971357E1B96BF350092B846 /* Dzst_cbl_icon_QQ.png in Resources */ = {isa = PBXBuildFile; fileRef = 397135731B96BF350092B846 /* Dzst_cbl_icon_QQ.png */; };
		3971357F1B96BF350092B846 /* Dzst_cbl_icon_Wechat.png in Resources */ = {isa = PBXBuildFile; fileRef = 397135741B96BF350092B846 /* Dzst_cbl_icon_Wechat.png */; };
		397135801B96BF350092B846 /* Dzst_cbl_icon_wifi_off.png in Resources */ = {isa = PBXBuildFile; fileRef = 397135751B96BF350092B846 /* Dzst_cbl_icon_wifi_off.png */; };
		397135811B96BF350092B846 /* Dzst_cbl_icon_wifi_on.png in Resources */ = {isa = PBXBuildFile; fileRef = 397135761B96BF350092B846 /* Dzst_cbl_icon_wifi_on.png */; };
		397135821B96BF350092B846 /* Dzst_cbl_icon_wifi.png in Resources */ = {isa = PBXBuildFile; fileRef = 397135771B96BF350092B846 /* Dzst_cbl_icon_wifi.png */; };
		397135831B96BF350092B846 /* Dzst_line.png in Resources */ = {isa = PBXBuildFile; fileRef = 397135781B96BF350092B846 /* Dzst_line.png */; };
		39809E761B9D6A5C00014A0C /* Dzst_cbl_icon_language.png in Resources */ = {isa = PBXBuildFile; fileRef = 39809E751B9D6A5C00014A0C /* Dzst_cbl_icon_language.png */; };
		39809E791B9D6D6E00014A0C /* DropdownMenu.m in Sources */ = {isa = PBXBuildFile; fileRef = 39809E781B9D6D6E00014A0C /* DropdownMenu.m */; };
		3991139E1B9566A000D6F672 /* CameraOverlayController.m in Sources */ = {isa = PBXBuildFile; fileRef = 3991139C1B9566A000D6F672 /* CameraOverlayController.m */; };
		3991139F1B9566A000D6F672 /* CameraOverlayController.xib in Resources */ = {isa = PBXBuildFile; fileRef = 3991139D1B9566A000D6F672 /* CameraOverlayController.xib */; };
		39B38ED41B9024310090A809 /* PickerViewController.xib in Resources */ = {isa = PBXBuildFile; fileRef = 39B38ED21B9024310090A809 /* PickerViewController.xib */; };
		39B38F7F1B954EAB0090A809 /* Dzst_function_bg-pic.png in Resources */ = {isa = PBXBuildFile; fileRef = 39B38F631B954EAB0090A809 /* Dzst_function_bg-pic.png */; };
		39B38F801B954EAB0090A809 /* Dzst_function_foot-bg@2x.png in Resources */ = {isa = PBXBuildFile; fileRef = 39B38F641B954EAB0090A809 /* Dzst_function_foot-bg@2x.png */; };
		39B38F811B954EAB0090A809 /* Dzst_function_icon-arrow@2x.png in Resources */ = {isa = PBXBuildFile; fileRef = 39B38F651B954EAB0090A809 /* Dzst_function_icon-arrow@2x.png */; };
		39B38F821B954EAB0090A809 /* Dzst_function_icon-yy_normal@2x.png in Resources */ = {isa = PBXBuildFile; fileRef = 39B38F661B954EAB0090A809 /* Dzst_function_icon-yy_normal@2x.png */; };
		39B38F831B954EAB0090A809 /* Dzst_function_icon-yy_press@2x.png in Resources */ = {isa = PBXBuildFile; fileRef = 39B38F671B954EAB0090A809 /* Dzst_function_icon-yy_press@2x.png */; };
		39B38F841B954EAB0090A809 /* Dzst_loading_icon@2x.png in Resources */ = {isa = PBXBuildFile; fileRef = 39B38F681B954EAB0090A809 /* Dzst_loading_icon@2x.png */; };
		39B38F851B954EAB0090A809 /* Dzst_loading_microsoft-logo@2x.png in Resources */ = {isa = PBXBuildFile; fileRef = 39B38F691B954EAB0090A809 /* Dzst_loading_microsoft-logo@2x.png */; };
		39B38F861B954EAB0090A809 /* Dzst_mainpage_bg@2x.png in Resources */ = {isa = PBXBuildFile; fileRef = 39B38F6A1B954EAB0090A809 /* Dzst_mainpage_bg@2x.png */; };
		39B38F871B954EAB0090A809 /* Dzst_mainpage_czzp@2x.png in Resources */ = {isa = PBXBuildFile; fileRef = 39B38F6B1B954EAB0090A809 /* Dzst_mainpage_czzp@2x.png */; };
		39B38F881B954EAB0090A809 /* Dzst_mainpage_icon-camera@2x.png in Resources */ = {isa = PBXBuildFile; fileRef = 39B38F6C1B954EAB0090A809 /* Dzst_mainpage_icon-camera@2x.png */; };
		39B38F891B954EAB0090A809 /* Dzst_mainpage_icon_search@2x.png in Resources */ = {isa = PBXBuildFile; fileRef = 39B38F6D1B954EAB0090A809 /* Dzst_mainpage_icon_search@2x.png */; };
		39B38F8A1B954EAB0090A809 /* Dzst_mainpage_ps@2x.png in Resources */ = {isa = PBXBuildFile; fileRef = 39B38F6E1B954EAB0090A809 /* Dzst_mainpage_ps@2x.png */; };
		39B38F8B1B954EAB0090A809 /* Dzst_start.png in Resources */ = {isa = PBXBuildFile; fileRef = 39B38F6F1B954EAB0090A809 /* Dzst_start.png */; };
		39B38F8C1B954EAB0090A809 /* Dzst_start1.png in Resources */ = {isa = PBXBuildFile; fileRef = 39B38F701B954EAB0090A809 /* Dzst_start1.png */; };
		39B38F8D1B954EAB0090A809 /* Dzst_start2.png in Resources */ = {isa = PBXBuildFile; fileRef = 39B38F711B954EAB0090A809 /* Dzst_start2.png */; };
		39B38F8E1B954EAB0090A809 /* Dzst_succeed_icon2@2x.png in Resources */ = {isa = PBXBuildFile; fileRef = 39B38F721B954EAB0090A809 /* Dzst_succeed_icon2@2x.png */; };
		39B38F8F1B954EAB0090A809 /* Dzst_succeed_icon@2x.png in Resources */ = {isa = PBXBuildFile; fileRef = 39B38F731B954EAB0090A809 /* Dzst_succeed_icon@2x.png */; };
		39B38F901B954EAB0090A809 /* Dzst_succeed_icon_click@2x.png in Resources */ = {isa = PBXBuildFile; fileRef = 39B38F741B954EAB0090A809 /* Dzst_succeed_icon_click@2x.png */; };
		39B38F911B954EAB0090A809 /* Dzst_succeed_right@2x.png in Resources */ = {isa = PBXBuildFile; fileRef = 39B38F751B954EAB0090A809 /* Dzst_succeed_right@2x.png */; };
		39B38F921B954EAB0090A809 /* Dzst_tag.png in Resources */ = {isa = PBXBuildFile; fileRef = 39B38F761B954EAB0090A809 /* Dzst_tag.png */; };
		39B38F931B954EAB0090A809 /* Dzst_take-photo.png in Resources */ = {isa = PBXBuildFile; fileRef = 39B38F771B954EAB0090A809 /* Dzst_take-photo.png */; };
		39B38F941B954EAB0090A809 /* Dzst_take-photo_down.png in Resources */ = {isa = PBXBuildFile; fileRef = 39B38F781B954EAB0090A809 /* Dzst_take-photo_down.png */; };
		39B38F951B954EAB0090A809 /* Dzst_take-photo_icon.png in Resources */ = {isa = PBXBuildFile; fileRef = 39B38F791B954EAB0090A809 /* Dzst_take-photo_icon.png */; };
		39B38F961B954EAB0090A809 /* Dzst_take-photo_icon_click.png in Resources */ = {isa = PBXBuildFile; fileRef = 39B38F7A1B954EAB0090A809 /* Dzst_take-photo_icon_click.png */; };
		39B38F971B954EAB0090A809 /* Dzst_take-photo_upbg.png in Resources */ = {isa = PBXBuildFile; fileRef = 39B38F7B1B954EAB0090A809 /* Dzst_take-photo_upbg.png */; };
		39B38F981B954EAB0090A809 /* icon.png in Resources */ = {isa = PBXBuildFile; fileRef = 39B38F7C1B954EAB0090A809 /* icon.png */; };
		39B38F991B954EAB0090A809 /* photo_bg1@2x.png in Resources */ = {isa = PBXBuildFile; fileRef = 39B38F7D1B954EAB0090A809 /* photo_bg1@2x.png */; };
		39B38F9A1B954EAB0090A809 /* photo_bg2@2x.png in Resources */ = {isa = PBXBuildFile; fileRef = 39B38F7E1B954EAB0090A809 /* photo_bg2@2x.png */; };
		39B38F9C1B954FCC0090A809 /* Dzst_loading.png in Resources */ = {isa = PBXBuildFile; fileRef = 39B38F9B1B954FCC0090A809 /* Dzst_loading.png */; };
		39BDA2191B84223F00CBA988 /* APPAppDelegate.m in Sources */ = {isa = PBXBuildFile; fileRef = 39BDA2181B84223F00CBA988 /* APPAppDelegate.m */; };
		39BDA2541B84719A00CBA988 /* DataBaseHelper.m in Sources */ = {isa = PBXBuildFile; fileRef = 39BDA2531B84719A00CBA988 /* DataBaseHelper.m */; };
		39EBA2B21B8B58C4009D392F /* AFHTTPRequestOperation.m in Sources */ = {isa = PBXBuildFile; fileRef = 39EBA2A01B8B58C4009D392F /* AFHTTPRequestOperation.m */; };
		39EBA2B31B8B58C4009D392F /* AFHTTPRequestOperationManager.m in Sources */ = {isa = PBXBuildFile; fileRef = 39EBA2A21B8B58C4009D392F /* AFHTTPRequestOperationManager.m */; };
		39EBA2B41B8B58C4009D392F /* AFHTTPSessionManager.m in Sources */ = {isa = PBXBuildFile; fileRef = 39EBA2A41B8B58C4009D392F /* AFHTTPSessionManager.m */; };
		39EBA2B51B8B58C4009D392F /* AFNetworkReachabilityManager.m in Sources */ = {isa = PBXBuildFile; fileRef = 39EBA2A71B8B58C4009D392F /* AFNetworkReachabilityManager.m */; };
		39EBA2B61B8B58C4009D392F /* AFSecurityPolicy.m in Sources */ = {isa = PBXBuildFile; fileRef = 39EBA2A91B8B58C4009D392F /* AFSecurityPolicy.m */; };
		39EBA2B71B8B58C4009D392F /* AFURLConnectionOperation.m in Sources */ = {isa = PBXBuildFile; fileRef = 39EBA2AB1B8B58C4009D392F /* AFURLConnectionOperation.m */; };
		39EBA2B81B8B58C4009D392F /* AFURLRequestSerialization.m in Sources */ = {isa = PBXBuildFile; fileRef = 39EBA2AD1B8B58C4009D392F /* AFURLRequestSerialization.m */; };
		39EBA2B91B8B58C4009D392F /* AFURLResponseSerialization.m in Sources */ = {isa = PBXBuildFile; fileRef = 39EBA2AF1B8B58C4009D392F /* AFURLResponseSerialization.m */; };
		39EBA2BA1B8B58C4009D392F /* AFURLSessionManager.m in Sources */ = {isa = PBXBuildFile; fileRef = 39EBA2B11B8B58C4009D392F /* AFURLSessionManager.m */; };
		39EBA40A1B8D95FC009D392F /* Security.framework in Frameworks */ = {isa = PBXBuildFile; fileRef = 39EBA4091B8D95FC009D392F /* Security.framework */; };
		39EBA40C1B8D9618009D392F /* Foundation.framework in Frameworks */ = {isa = PBXBuildFile; fileRef = 39EBA40B1B8D9618009D392F /* Foundation.framework */; };
		39EBA40E1B8D961E009D392F /* UIKit.framework in Frameworks */ = {isa = PBXBuildFile; fileRef = 39EBA40D1B8D961E009D392F /* UIKit.framework */; };
		39EBA4131B8D963F009D392F /* AMapSearchKit.framework in Frameworks */ = {isa = PBXBuildFile; fileRef = 39EBA4111B8D963F009D392F /* AMapSearchKit.framework */; };
		39EBA4141B8D963F009D392F /* MAMapKit.framework in Frameworks */ = {isa = PBXBuildFile; fileRef = 39EBA4121B8D963F009D392F /* MAMapKit.framework */; };
		39EBA45C1B8DF3B3009D392F /* YRSideViewController.m in Sources */ = {isa = PBXBuildFile; fileRef = 39EBA45B1B8DF3B3009D392F /* YRSideViewController.m */; };
		39EBA4601B8DF526009D392F /* SettingViewController.m in Sources */ = {isa = PBXBuildFile; fileRef = 39EBA45E1B8DF526009D392F /* SettingViewController.m */; };
		39EBA4611B8DF526009D392F /* SettingViewController.xib in Resources */ = {isa = PBXBuildFile; fileRef = 39EBA45F1B8DF526009D392F /* SettingViewController.xib */; };
		39F53BFC1BC0C7B80033732A /* libz.1.dylib in Frameworks */ = {isa = PBXBuildFile; fileRef = 39F53BFB1BC0C7B80033732A /* libz.1.dylib */; };
		39F53BFE1BC0C7CF0033732A /* libstdc++.6.0.9.dylib in Frameworks */ = {isa = PBXBuildFile; fileRef = 39F53BFD1BC0C7CF0033732A /* libstdc++.6.0.9.dylib */; };
		39F53C001BC0C7E20033732A /* libsqlite3.dylib in Frameworks */ = {isa = PBXBuildFile; fileRef = 39F53BFF1BC0C7E20033732A /* libsqlite3.dylib */; };
		39F53C0A1BCBEDDF0033732A /* Images.xcassets in Resources */ = {isa = PBXBuildFile; fileRef = 39F53C091BCBEDDF0033732A /* Images.xcassets */; settings = {ASSET_TAGS = (); }; };
		39F53C0F1BCCE1380033732A /* MerchantViewController.m in Sources */ = {isa = PBXBuildFile; fileRef = 39F53C0D1BCCE1380033732A /* MerchantViewController.m */; settings = {ASSET_TAGS = (); }; };
		39F53C101BCCE1380033732A /* MerchantViewController.xib in Resources */ = {isa = PBXBuildFile; fileRef = 39F53C0E1BCCE1380033732A /* MerchantViewController.xib */; settings = {ASSET_TAGS = (); }; };
		39F53C131BCDF1230033732A /* StoreKit.framework in Frameworks */ = {isa = PBXBuildFile; fileRef = 39F53C121BCDF1230033732A /* StoreKit.framework */; };
		39F53C381BCDF8950033732A /* IAPHelper.m in Sources */ = {isa = PBXBuildFile; fileRef = 39F53C311BCDF8950033732A /* IAPHelper.m */; settings = {ASSET_TAGS = (); }; };
		39F53C391BCDF8950033732A /* IAPShare.m in Sources */ = {isa = PBXBuildFile; fileRef = 39F53C331BCDF8950033732A /* IAPShare.m */; settings = {ASSET_TAGS = (); }; };
		39F53C3A1BCDF8950033732A /* NSString+Base64.m in Sources */ = {isa = PBXBuildFile; fileRef = 39F53C351BCDF8950033732A /* NSString+Base64.m */; settings = {ASSET_TAGS = (); }; };
		39F53C3B1BCDF8950033732A /* SFHFKeychainUtils.m in Sources */ = {isa = PBXBuildFile; fileRef = 39F53C371BCDF8950033732A /* SFHFKeychainUtils.m */; settings = {ASSET_TAGS = (); }; };
		5C3F0EA21BA2A9CF009C9CBD /* RectangleView.m in Sources */ = {isa = PBXBuildFile; fileRef = 5C3F0EA11BA2A9CF009C9CBD /* RectangleView.m */; };
		5CECCBE71BA2E9F70070927E /* Dzst_face_detect.png in Resources */ = {isa = PBXBuildFile; fileRef = 5CECCBE61BA2E9F60070927E /* Dzst_face_detect.png */; };
		5CECCBE91BA2EC130070927E /* Dzst_upload.png in Resources */ = {isa = PBXBuildFile; fileRef = 5CECCBE81BA2EC130070927E /* Dzst_upload.png */; };
		EB2397D51B44E066004182BC /* main.m in Sources */ = {isa = PBXBuildFile; fileRef = EB2397D41B44E066004182BC /* main.m */; };
		EB2397EF1B44E066004182BC /* VoiceImageTests.m in Sources */ = {isa = PBXBuildFile; fileRef = EB2397EE1B44E066004182BC /* VoiceImageTests.m */; };
		EB2398101B44E733004182BC /* LaunchScreen.xib in Resources */ = {isa = PBXBuildFile; fileRef = EB23980F1B44E733004182BC /* LaunchScreen.xib */; };
		EB2398141B44EEE7004182BC /* TagPhotoViewController.m in Sources */ = {isa = PBXBuildFile; fileRef = EB2398121B44EEE7004182BC /* TagPhotoViewController.m */; };
		EB2398151B44EEE7004182BC /* TagPhotoViewController.xib in Resources */ = {isa = PBXBuildFile; fileRef = EB2398131B44EEE7004182BC /* TagPhotoViewController.xib */; };
		EB2398191B44F05B004182BC /* CompleteViewController.m in Sources */ = {isa = PBXBuildFile; fileRef = EB2398171B44F05B004182BC /* CompleteViewController.m */; };
		EB23981A1B44F05B004182BC /* CompleteViewController.xib in Resources */ = {isa = PBXBuildFile; fileRef = EB2398181B44F05B004182BC /* CompleteViewController.xib */; };
		EB23981D1B450A73004182BC /* ImageInfo.m in Sources */ = {isa = PBXBuildFile; fileRef = EB23981C1B450A73004182BC /* ImageInfo.m */; };
		EB23981F1B45210C004182BC /* AVFoundation.framework in Frameworks */ = {isa = PBXBuildFile; fileRef = EB23981E1B45210C004182BC /* AVFoundation.framework */; };
		EB2398251B453EA1004182BC /* CoreLocation.framework in Frameworks */ = {isa = PBXBuildFile; fileRef = EB2398241B453EA1004182BC /* CoreLocation.framework */; };
		EB2398281B45442C004182BC /* Global.m in Sources */ = {isa = PBXBuildFile; fileRef = EB2398271B45442C004182BC /* Global.m */; };
		EB4A48491B4A470800CABEB1 /* HttpHelper.m in Sources */ = {isa = PBXBuildFile; fileRef = EB4A48481B4A470800CABEB1 /* HttpHelper.m */; };
		EB4A48641B4E068900CABEB1 /* GLKit.framework in Frameworks */ = {isa = PBXBuildFile; fileRef = EB4A48631B4E068900CABEB1 /* GLKit.framework */; };
		EB4A48661B4E06A300CABEB1 /* AudioToolbox.framework in Frameworks */ = {isa = PBXBuildFile; fileRef = EB4A48651B4E06A300CABEB1 /* AudioToolbox.framework */; };
		EB5289181B462FF000E35384 /* QuartzCore.framework in Frameworks */ = {isa = PBXBuildFile; fileRef = EB5289171B462FF000E35384 /* QuartzCore.framework */; };
		EB52891A1B462FFE00E35384 /* ImageIO.framework in Frameworks */ = {isa = PBXBuildFile; fileRef = EB5289191B462FFE00E35384 /* ImageIO.framework */; };
		EB52891C1B46301300E35384 /* CoreGraphics.framework in Frameworks */ = {isa = PBXBuildFile; fileRef = EB52891B1B46301300E35384 /* CoreGraphics.framework */; };
		EB52891E1B46301C00E35384 /* MessageUI.framework in Frameworks */ = {isa = PBXBuildFile; fileRef = EB52891D1B46301C00E35384 /* MessageUI.framework */; };
		EB5289201B46302800E35384 /* MapKit.framework in Frameworks */ = {isa = PBXBuildFile; fileRef = EB52891F1B46302800E35384 /* MapKit.framework */; };
		EB5289271B46345D00E35384 /* libMWPhotoBrowser.a in Frameworks */ = {isa = PBXBuildFile; fileRef = EB5289261B46343D00E35384 /* libMWPhotoBrowser.a */; };
		EB5289291B46348B00E35384 /* MWPhotoBrowser.bundle in Resources */ = {isa = PBXBuildFile; fileRef = EB5289281B46348B00E35384 /* MWPhotoBrowser.bundle */; };
		EB52892E1B4646D600E35384 /* MyPhotoBrowser.m in Sources */ = {isa = PBXBuildFile; fileRef = EB52892D1B4646D600E35384 /* MyPhotoBrowser.m */; };
		EB5289381B46718900E35384 /* PhotoDataProvider.m in Sources */ = {isa = PBXBuildFile; fileRef = EB5289371B46718900E35384 /* PhotoDataProvider.m */; };
		EB52893D1B4A27F800E35384 /* DataHolder.m in Sources */ = {isa = PBXBuildFile; fileRef = EB52893C1B4A27F800E35384 /* DataHolder.m */; };
		EB85AA791B5CDFD600F4F4F3 /* EZAudio.m in Sources */ = {isa = PBXBuildFile; fileRef = EB85AA591B5CDFD600F4F4F3 /* EZAudio.m */; };
		EB85AA7A1B5CDFD600F4F4F3 /* EZAudioDevice.m in Sources */ = {isa = PBXBuildFile; fileRef = EB85AA5B1B5CDFD600F4F4F3 /* EZAudioDevice.m */; };
		EB85AA7B1B5CDFD600F4F4F3 /* EZAudioDisplayLink.m in Sources */ = {isa = PBXBuildFile; fileRef = EB85AA5D1B5CDFD600F4F4F3 /* EZAudioDisplayLink.m */; };
		EB85AA7C1B5CDFD600F4F4F3 /* EZAudioFile.m in Sources */ = {isa = PBXBuildFile; fileRef = EB85AA5F1B5CDFD600F4F4F3 /* EZAudioFile.m */; };
		EB85AA7D1B5CDFD600F4F4F3 /* EZAudioFloatConverter.m in Sources */ = {isa = PBXBuildFile; fileRef = EB85AA611B5CDFD600F4F4F3 /* EZAudioFloatConverter.m */; };
		EB85AA7E1B5CDFD600F4F4F3 /* EZAudioFloatData.m in Sources */ = {isa = PBXBuildFile; fileRef = EB85AA631B5CDFD600F4F4F3 /* EZAudioFloatData.m */; };
		EB85AA7F1B5CDFD600F4F4F3 /* EZAudioPlayer.m in Sources */ = {isa = PBXBuildFile; fileRef = EB85AA651B5CDFD600F4F4F3 /* EZAudioPlayer.m */; };
		EB85AA801B5CDFD600F4F4F3 /* EZAudioPlot.m in Sources */ = {isa = PBXBuildFile; fileRef = EB85AA671B5CDFD600F4F4F3 /* EZAudioPlot.m */; };
		EB85AA811B5CDFD600F4F4F3 /* EZAudioPlotGL.m in Sources */ = {isa = PBXBuildFile; fileRef = EB85AA691B5CDFD600F4F4F3 /* EZAudioPlotGL.m */; };
		EB85AA821B5CDFD600F4F4F3 /* EZAudioUtilities.m in Sources */ = {isa = PBXBuildFile; fileRef = EB85AA6B1B5CDFD600F4F4F3 /* EZAudioUtilities.m */; };
		EB85AA831B5CDFD600F4F4F3 /* EZMicrophone.m in Sources */ = {isa = PBXBuildFile; fileRef = EB85AA6D1B5CDFD600F4F4F3 /* EZMicrophone.m */; };
		EB85AA841B5CDFD600F4F4F3 /* EZOutput.m in Sources */ = {isa = PBXBuildFile; fileRef = EB85AA6F1B5CDFD600F4F4F3 /* EZOutput.m */; };
		EB85AA851B5CDFD600F4F4F3 /* EZPlot.m in Sources */ = {isa = PBXBuildFile; fileRef = EB85AA711B5CDFD600F4F4F3 /* EZPlot.m */; };
		EB85AA861B5CDFD600F4F4F3 /* EZRecorder.m in Sources */ = {isa = PBXBuildFile; fileRef = EB85AA731B5CDFD600F4F4F3 /* EZRecorder.m */; };
		EB85AA871B5CDFD600F4F4F3 /* TPCircularBuffer.c in Sources */ = {isa = PBXBuildFile; fileRef = EB85AA741B5CDFD600F4F4F3 /* TPCircularBuffer.c */; };
		EB85AA881B5CDFD600F4F4F3 /* CHANGELOG in Resources */ = {isa = PBXBuildFile; fileRef = EB85AA771B5CDFD600F4F4F3 /* CHANGELOG */; };
		EB85AA891B5CDFD600F4F4F3 /* VERSION in Resources */ = {isa = PBXBuildFile; fileRef = EB85AA781B5CDFD600F4F4F3 /* VERSION */; };
		EBFBBA4D1B6F077A0065902F /* iflyMSC.framework in Frameworks */ = {isa = PBXBuildFile; fileRef = EBFBBA4C1B6F077A0065902F /* iflyMSC.framework */; };
		EBFBBA501B6F08F10065902F /* IATConfig.m in Sources */ = {isa = PBXBuildFile; fileRef = EBFBBA4F1B6F08F10065902F /* IATConfig.m */; };
		EBFBBA521B6F0B100065902F /* CoreTelephony.framework in Frameworks */ = {isa = PBXBuildFile; fileRef = EBFBBA511B6F0B100065902F /* CoreTelephony.framework */; };
		EBFBBA541B6F0B5F0065902F /* libSunFlower.a in Frameworks */ = {isa = PBXBuildFile; fileRef = EBFBBA531B6F0B5F0065902F /* libSunFlower.a */; };
		EBFBBA581B6F0BB50065902F /* AddressBook.framework in Frameworks */ = {isa = PBXBuildFile; fileRef = EBFBBA571B6F0BB50065902F /* AddressBook.framework */; };
		EBFBBA5A1B6F0BD00065902F /* SystemConfiguration.framework in Frameworks */ = {isa = PBXBuildFile; fileRef = EBFBBA591B6F0BD00065902F /* SystemConfiguration.framework */; };
		EBFBBA5D1B6F19A60065902F /* ISRDataHelper.m in Sources */ = {isa = PBXBuildFile; fileRef = EBFBBA5C1B6F19A60065902F /* ISRDataHelper.m */; };
/* End PBXBuildFile section */

/* Begin PBXContainerItemProxy section */
		EB2397E91B44E066004182BC /* PBXContainerItemProxy */ = {
			isa = PBXContainerItemProxy;
			containerPortal = EB2397C71B44E066004182BC /* Project object */;
			proxyType = 1;
			remoteGlobalIDString = EB2397CE1B44E066004182BC;
			remoteInfo = VoiceImage;
		};
		EB5289251B46343D00E35384 /* PBXContainerItemProxy */ = {
			isa = PBXContainerItemProxy;
			containerPortal = EB5289211B46343D00E35384 /* MWPhotoBrowser.xcodeproj */;
			proxyType = 2;
			remoteGlobalIDString = 4C6F96C414AF704100F8389A;
			remoteInfo = MWPhotoBrowser;
		};
		EB52892A1B4635B800E35384 /* PBXContainerItemProxy */ = {
			isa = PBXContainerItemProxy;
			containerPortal = EB5289211B46343D00E35384 /* MWPhotoBrowser.xcodeproj */;
			proxyType = 1;
			remoteGlobalIDString = 4C6F96C314AF704100F8389A;
			remoteInfo = MWPhotoBrowser;
		};
/* End PBXContainerItemProxy section */

/* Begin PBXFileReference section */
		392CAB831B9FC0A3001F284A /* SVIndefiniteAnimatedView.h */ = {isa = PBXFileReference; fileEncoding = 4; lastKnownFileType = sourcecode.c.h; path = SVIndefiniteAnimatedView.h; sourceTree = "<group>"; };
		392CAB841B9FC0A3001F284A /* SVIndefiniteAnimatedView.m */ = {isa = PBXFileReference; fileEncoding = 4; lastKnownFileType = sourcecode.c.objc; path = SVIndefiniteAnimatedView.m; sourceTree = "<group>"; };
		392CAB851B9FC0A3001F284A /* SVProgressHUD-Prefix.pch */ = {isa = PBXFileReference; fileEncoding = 4; lastKnownFileType = sourcecode.c.h; path = "SVProgressHUD-Prefix.pch"; sourceTree = "<group>"; };
		392CAB861B9FC0A3001F284A /* SVProgressHUD.bundle */ = {isa = PBXFileReference; lastKnownFileType = "wrapper.plug-in"; path = SVProgressHUD.bundle; sourceTree = "<group>"; };
		392CAB871B9FC0A3001F284A /* SVProgressHUD.h */ = {isa = PBXFileReference; fileEncoding = 4; lastKnownFileType = sourcecode.c.h; path = SVProgressHUD.h; sourceTree = "<group>"; };
		392CAB881B9FC0A3001F284A /* SVProgressHUD.m */ = {isa = PBXFileReference; fileEncoding = 4; lastKnownFileType = sourcecode.c.objc; path = SVProgressHUD.m; sourceTree = "<group>"; };
		392CAB891B9FC0A3001F284A /* SVRadialGradientLayer.h */ = {isa = PBXFileReference; fileEncoding = 4; lastKnownFileType = sourcecode.c.h; path = SVRadialGradientLayer.h; sourceTree = "<group>"; };
		392CAB8A1B9FC0A3001F284A /* SVRadialGradientLayer.m */ = {isa = PBXFileReference; fileEncoding = 4; lastKnownFileType = sourcecode.c.objc; path = SVRadialGradientLayer.m; sourceTree = "<group>"; };
		3933742C1B96CD1C002455BB /* Dzst_color.png */ = {isa = PBXFileReference; lastKnownFileType = image.png; path = Dzst_color.png; sourceTree = "<group>"; };
		393374351B9C0C09002455BB /* Reachability.h */ = {isa = PBXFileReference; fileEncoding = 4; lastKnownFileType = sourcecode.c.h; path = Reachability.h; sourceTree = "<group>"; };
		393374361B9C0C09002455BB /* Reachability.m */ = {isa = PBXFileReference; fileEncoding = 4; lastKnownFileType = sourcecode.c.objc; path = Reachability.m; sourceTree = "<group>"; };
		393374381B9C2A02002455BB /* Dzst_delete_desc.png */ = {isa = PBXFileReference; lastKnownFileType = image.png; path = Dzst_delete_desc.png; sourceTree = "<group>"; };
		393374431B9C6566002455BB /* NewFeatureController.h */ = {isa = PBXFileReference; fileEncoding = 4; lastKnownFileType = sourcecode.c.h; path = NewFeatureController.h; sourceTree = "<group>"; };
		393374441B9C6566002455BB /* NewFeatureController.m */ = {isa = PBXFileReference; fileEncoding = 4; lastKnownFileType = sourcecode.c.objc; path = NewFeatureController.m; sourceTree = "<group>"; };
		393374481B9C667A002455BB /* UIView+Extension.h */ = {isa = PBXFileReference; fileEncoding = 4; lastKnownFileType = sourcecode.c.h; path = "UIView+Extension.h"; sourceTree = "<group>"; };
		393374491B9C667A002455BB /* UIView+Extension.m */ = {isa = PBXFileReference; fileEncoding = 4; lastKnownFileType = sourcecode.c.objc; path = "UIView+Extension.m"; sourceTree = "<group>"; };
		3933744B1B9C6EF4002455BB /* Dzst_splash1.png */ = {isa = PBXFileReference; lastKnownFileType = image.png; path = Dzst_splash1.png; sourceTree = "<group>"; };
		3933744C1B9C6EF4002455BB /* Dzst_splash2.png */ = {isa = PBXFileReference; lastKnownFileType = image.png; path = Dzst_splash2.png; sourceTree = "<group>"; };
		3933744D1B9C6EF4002455BB /* Dzst_splash3.png */ = {isa = PBXFileReference; lastKnownFileType = image.png; path = Dzst_splash3.png; sourceTree = "<group>"; };
		3933744E1B9C6EF4002455BB /* Dzst_splash4.png */ = {isa = PBXFileReference; lastKnownFileType = image.png; path = Dzst_splash4.png; sourceTree = "<group>"; };
		3971356E1B96BF350092B846 /* Dzst_cbl_avatar.png */ = {isa = PBXFileReference; lastKnownFileType = image.png; path = Dzst_cbl_avatar.png; sourceTree = "<group>"; };
		3971356F1B96BF350092B846 /* Dzst_cbl_bg.png */ = {isa = PBXFileReference; lastKnownFileType = image.png; path = Dzst_cbl_bg.png; sourceTree = "<group>"; };
		397135701B96BF350092B846 /* Dzst_cbl_icon_arrow_click.png */ = {isa = PBXFileReference; lastKnownFileType = image.png; path = Dzst_cbl_icon_arrow_click.png; sourceTree = "<group>"; };
		397135711B96BF350092B846 /* Dzst_cbl_icon_arrow_normal.png */ = {isa = PBXFileReference; lastKnownFileType = image.png; path = Dzst_cbl_icon_arrow_normal.png; sourceTree = "<group>"; };
		397135731B96BF350092B846 /* Dzst_cbl_icon_QQ.png */ = {isa = PBXFileReference; lastKnownFileType = image.png; path = Dzst_cbl_icon_QQ.png; sourceTree = "<group>"; };
		397135741B96BF350092B846 /* Dzst_cbl_icon_Wechat.png */ = {isa = PBXFileReference; lastKnownFileType = image.png; path = Dzst_cbl_icon_Wechat.png; sourceTree = "<group>"; };
		397135751B96BF350092B846 /* Dzst_cbl_icon_wifi_off.png */ = {isa = PBXFileReference; lastKnownFileType = image.png; path = Dzst_cbl_icon_wifi_off.png; sourceTree = "<group>"; };
		397135761B96BF350092B846 /* Dzst_cbl_icon_wifi_on.png */ = {isa = PBXFileReference; lastKnownFileType = image.png; path = Dzst_cbl_icon_wifi_on.png; sourceTree = "<group>"; };
		397135771B96BF350092B846 /* Dzst_cbl_icon_wifi.png */ = {isa = PBXFileReference; lastKnownFileType = image.png; path = Dzst_cbl_icon_wifi.png; sourceTree = "<group>"; };
		397135781B96BF350092B846 /* Dzst_line.png */ = {isa = PBXFileReference; lastKnownFileType = image.png; path = Dzst_line.png; sourceTree = "<group>"; };
		39809E751B9D6A5C00014A0C /* Dzst_cbl_icon_language.png */ = {isa = PBXFileReference; lastKnownFileType = image.png; path = Dzst_cbl_icon_language.png; sourceTree = "<group>"; };
		39809E771B9D6D6E00014A0C /* DropdownMenu.h */ = {isa = PBXFileReference; fileEncoding = 4; lastKnownFileType = sourcecode.c.h; path = DropdownMenu.h; sourceTree = "<group>"; };
		39809E781B9D6D6E00014A0C /* DropdownMenu.m */ = {isa = PBXFileReference; fileEncoding = 4; lastKnownFileType = sourcecode.c.objc; path = DropdownMenu.m; sourceTree = "<group>"; };
		3991139B1B9566A000D6F672 /* CameraOverlayController.h */ = {isa = PBXFileReference; fileEncoding = 4; lastKnownFileType = sourcecode.c.h; path = CameraOverlayController.h; sourceTree = "<group>"; };
		3991139C1B9566A000D6F672 /* CameraOverlayController.m */ = {isa = PBXFileReference; fileEncoding = 4; lastKnownFileType = sourcecode.c.objc; path = CameraOverlayController.m; sourceTree = "<group>"; };
		3991139D1B9566A000D6F672 /* CameraOverlayController.xib */ = {isa = PBXFileReference; fileEncoding = 4; lastKnownFileType = file.xib; path = CameraOverlayController.xib; sourceTree = "<group>"; };
		39B38ED21B9024310090A809 /* PickerViewController.xib */ = {isa = PBXFileReference; fileEncoding = 4; lastKnownFileType = file.xib; path = PickerViewController.xib; sourceTree = "<group>"; };
		39B38F631B954EAB0090A809 /* Dzst_function_bg-pic.png */ = {isa = PBXFileReference; lastKnownFileType = image.png; path = "Dzst_function_bg-pic.png"; sourceTree = "<group>"; };
		39B38F641B954EAB0090A809 /* Dzst_function_foot-bg@2x.png */ = {isa = PBXFileReference; lastKnownFileType = image.png; path = "Dzst_function_foot-bg@2x.png"; sourceTree = "<group>"; };
		39B38F651B954EAB0090A809 /* Dzst_function_icon-arrow@2x.png */ = {isa = PBXFileReference; lastKnownFileType = image.png; path = "Dzst_function_icon-arrow@2x.png"; sourceTree = "<group>"; };
		39B38F661B954EAB0090A809 /* Dzst_function_icon-yy_normal@2x.png */ = {isa = PBXFileReference; lastKnownFileType = image.png; path = "Dzst_function_icon-yy_normal@2x.png"; sourceTree = "<group>"; };
		39B38F671B954EAB0090A809 /* Dzst_function_icon-yy_press@2x.png */ = {isa = PBXFileReference; lastKnownFileType = image.png; path = "Dzst_function_icon-yy_press@2x.png"; sourceTree = "<group>"; };
		39B38F681B954EAB0090A809 /* Dzst_loading_icon@2x.png */ = {isa = PBXFileReference; lastKnownFileType = image.png; path = "Dzst_loading_icon@2x.png"; sourceTree = "<group>"; };
		39B38F691B954EAB0090A809 /* Dzst_loading_microsoft-logo@2x.png */ = {isa = PBXFileReference; lastKnownFileType = image.png; path = "Dzst_loading_microsoft-logo@2x.png"; sourceTree = "<group>"; };
		39B38F6A1B954EAB0090A809 /* Dzst_mainpage_bg@2x.png */ = {isa = PBXFileReference; lastKnownFileType = image.png; path = "Dzst_mainpage_bg@2x.png"; sourceTree = "<group>"; };
		39B38F6B1B954EAB0090A809 /* Dzst_mainpage_czzp@2x.png */ = {isa = PBXFileReference; lastKnownFileType = image.png; path = "Dzst_mainpage_czzp@2x.png"; sourceTree = "<group>"; };
		39B38F6C1B954EAB0090A809 /* Dzst_mainpage_icon-camera@2x.png */ = {isa = PBXFileReference; lastKnownFileType = image.png; path = "Dzst_mainpage_icon-camera@2x.png"; sourceTree = "<group>"; };
		39B38F6D1B954EAB0090A809 /* Dzst_mainpage_icon_search@2x.png */ = {isa = PBXFileReference; lastKnownFileType = image.png; path = "Dzst_mainpage_icon_search@2x.png"; sourceTree = "<group>"; };
		39B38F6E1B954EAB0090A809 /* Dzst_mainpage_ps@2x.png */ = {isa = PBXFileReference; lastKnownFileType = image.png; path = "Dzst_mainpage_ps@2x.png"; sourceTree = "<group>"; };
		39B38F6F1B954EAB0090A809 /* Dzst_start.png */ = {isa = PBXFileReference; lastKnownFileType = image.png; path = Dzst_start.png; sourceTree = "<group>"; };
		39B38F701B954EAB0090A809 /* Dzst_start1.png */ = {isa = PBXFileReference; lastKnownFileType = image.png; path = Dzst_start1.png; sourceTree = "<group>"; };
		39B38F711B954EAB0090A809 /* Dzst_start2.png */ = {isa = PBXFileReference; lastKnownFileType = image.png; path = Dzst_start2.png; sourceTree = "<group>"; };
		39B38F721B954EAB0090A809 /* Dzst_succeed_icon2@2x.png */ = {isa = PBXFileReference; lastKnownFileType = image.png; path = "Dzst_succeed_icon2@2x.png"; sourceTree = "<group>"; };
		39B38F731B954EAB0090A809 /* Dzst_succeed_icon@2x.png */ = {isa = PBXFileReference; lastKnownFileType = image.png; path = "Dzst_succeed_icon@2x.png"; sourceTree = "<group>"; };
		39B38F741B954EAB0090A809 /* Dzst_succeed_icon_click@2x.png */ = {isa = PBXFileReference; lastKnownFileType = image.png; path = "Dzst_succeed_icon_click@2x.png"; sourceTree = "<group>"; };
		39B38F751B954EAB0090A809 /* Dzst_succeed_right@2x.png */ = {isa = PBXFileReference; lastKnownFileType = image.png; path = "Dzst_succeed_right@2x.png"; sourceTree = "<group>"; };
		39B38F761B954EAB0090A809 /* Dzst_tag.png */ = {isa = PBXFileReference; lastKnownFileType = image.png; path = Dzst_tag.png; sourceTree = "<group>"; };
		39B38F771B954EAB0090A809 /* Dzst_take-photo.png */ = {isa = PBXFileReference; lastKnownFileType = image.png; path = "Dzst_take-photo.png"; sourceTree = "<group>"; };
		39B38F781B954EAB0090A809 /* Dzst_take-photo_down.png */ = {isa = PBXFileReference; lastKnownFileType = image.png; path = "Dzst_take-photo_down.png"; sourceTree = "<group>"; };
		39B38F791B954EAB0090A809 /* Dzst_take-photo_icon.png */ = {isa = PBXFileReference; lastKnownFileType = image.png; path = "Dzst_take-photo_icon.png"; sourceTree = "<group>"; };
		39B38F7A1B954EAB0090A809 /* Dzst_take-photo_icon_click.png */ = {isa = PBXFileReference; lastKnownFileType = image.png; path = "Dzst_take-photo_icon_click.png"; sourceTree = "<group>"; };
		39B38F7B1B954EAB0090A809 /* Dzst_take-photo_upbg.png */ = {isa = PBXFileReference; lastKnownFileType = image.png; path = "Dzst_take-photo_upbg.png"; sourceTree = "<group>"; };
		39B38F7C1B954EAB0090A809 /* icon.png */ = {isa = PBXFileReference; lastKnownFileType = image.png; path = icon.png; sourceTree = "<group>"; };
		39B38F7D1B954EAB0090A809 /* photo_bg1@2x.png */ = {isa = PBXFileReference; lastKnownFileType = image.png; path = "photo_bg1@2x.png"; sourceTree = "<group>"; };
		39B38F7E1B954EAB0090A809 /* photo_bg2@2x.png */ = {isa = PBXFileReference; lastKnownFileType = image.png; path = "photo_bg2@2x.png"; sourceTree = "<group>"; };
		39B38F9B1B954FCC0090A809 /* Dzst_loading.png */ = {isa = PBXFileReference; lastKnownFileType = image.png; path = Dzst_loading.png; sourceTree = "<group>"; };
		39BDA2131B84153E00CBA988 /* libsqlite3.dylib */ = {isa = PBXFileReference; lastKnownFileType = "compiled.mach-o.dylib"; name = libsqlite3.dylib; path = usr/lib/libsqlite3.dylib; sourceTree = SDKROOT; };
		39BDA2181B84223F00CBA988 /* APPAppDelegate.m */ = {isa = PBXFileReference; fileEncoding = 4; lastKnownFileType = sourcecode.c.objc; path = APPAppDelegate.m; sourceTree = "<group>"; };
		39BDA2521B84719A00CBA988 /* DataBaseHelper.h */ = {isa = PBXFileReference; fileEncoding = 4; lastKnownFileType = sourcecode.c.h; path = DataBaseHelper.h; sourceTree = "<group>"; };
		39BDA2531B84719A00CBA988 /* DataBaseHelper.m */ = {isa = PBXFileReference; fileEncoding = 4; lastKnownFileType = sourcecode.c.objc; path = DataBaseHelper.m; sourceTree = "<group>"; };
		39EBA29F1B8B58C4009D392F /* AFHTTPRequestOperation.h */ = {isa = PBXFileReference; fileEncoding = 4; lastKnownFileType = sourcecode.c.h; path = AFHTTPRequestOperation.h; sourceTree = "<group>"; };
		39EBA2A01B8B58C4009D392F /* AFHTTPRequestOperation.m */ = {isa = PBXFileReference; fileEncoding = 4; lastKnownFileType = sourcecode.c.objc; path = AFHTTPRequestOperation.m; sourceTree = "<group>"; };
		39EBA2A11B8B58C4009D392F /* AFHTTPRequestOperationManager.h */ = {isa = PBXFileReference; fileEncoding = 4; lastKnownFileType = sourcecode.c.h; path = AFHTTPRequestOperationManager.h; sourceTree = "<group>"; };
		39EBA2A21B8B58C4009D392F /* AFHTTPRequestOperationManager.m */ = {isa = PBXFileReference; fileEncoding = 4; lastKnownFileType = sourcecode.c.objc; path = AFHTTPRequestOperationManager.m; sourceTree = "<group>"; };
		39EBA2A31B8B58C4009D392F /* AFHTTPSessionManager.h */ = {isa = PBXFileReference; fileEncoding = 4; lastKnownFileType = sourcecode.c.h; path = AFHTTPSessionManager.h; sourceTree = "<group>"; };
		39EBA2A41B8B58C4009D392F /* AFHTTPSessionManager.m */ = {isa = PBXFileReference; fileEncoding = 4; lastKnownFileType = sourcecode.c.objc; path = AFHTTPSessionManager.m; sourceTree = "<group>"; };
		39EBA2A51B8B58C4009D392F /* AFNetworking.h */ = {isa = PBXFileReference; fileEncoding = 4; lastKnownFileType = sourcecode.c.h; path = AFNetworking.h; sourceTree = "<group>"; };
		39EBA2A61B8B58C4009D392F /* AFNetworkReachabilityManager.h */ = {isa = PBXFileReference; fileEncoding = 4; lastKnownFileType = sourcecode.c.h; path = AFNetworkReachabilityManager.h; sourceTree = "<group>"; };
		39EBA2A71B8B58C4009D392F /* AFNetworkReachabilityManager.m */ = {isa = PBXFileReference; fileEncoding = 4; lastKnownFileType = sourcecode.c.objc; path = AFNetworkReachabilityManager.m; sourceTree = "<group>"; };
		39EBA2A81B8B58C4009D392F /* AFSecurityPolicy.h */ = {isa = PBXFileReference; fileEncoding = 4; lastKnownFileType = sourcecode.c.h; path = AFSecurityPolicy.h; sourceTree = "<group>"; };
		39EBA2A91B8B58C4009D392F /* AFSecurityPolicy.m */ = {isa = PBXFileReference; fileEncoding = 4; lastKnownFileType = sourcecode.c.objc; path = AFSecurityPolicy.m; sourceTree = "<group>"; };
		39EBA2AA1B8B58C4009D392F /* AFURLConnectionOperation.h */ = {isa = PBXFileReference; fileEncoding = 4; lastKnownFileType = sourcecode.c.h; path = AFURLConnectionOperation.h; sourceTree = "<group>"; };
		39EBA2AB1B8B58C4009D392F /* AFURLConnectionOperation.m */ = {isa = PBXFileReference; fileEncoding = 4; lastKnownFileType = sourcecode.c.objc; path = AFURLConnectionOperation.m; sourceTree = "<group>"; };
		39EBA2AC1B8B58C4009D392F /* AFURLRequestSerialization.h */ = {isa = PBXFileReference; fileEncoding = 4; lastKnownFileType = sourcecode.c.h; path = AFURLRequestSerialization.h; sourceTree = "<group>"; };
		39EBA2AD1B8B58C4009D392F /* AFURLRequestSerialization.m */ = {isa = PBXFileReference; fileEncoding = 4; lastKnownFileType = sourcecode.c.objc; path = AFURLRequestSerialization.m; sourceTree = "<group>"; };
		39EBA2AE1B8B58C4009D392F /* AFURLResponseSerialization.h */ = {isa = PBXFileReference; fileEncoding = 4; lastKnownFileType = sourcecode.c.h; path = AFURLResponseSerialization.h; sourceTree = "<group>"; };
		39EBA2AF1B8B58C4009D392F /* AFURLResponseSerialization.m */ = {isa = PBXFileReference; fileEncoding = 4; lastKnownFileType = sourcecode.c.objc; path = AFURLResponseSerialization.m; sourceTree = "<group>"; };
		39EBA2B01B8B58C4009D392F /* AFURLSessionManager.h */ = {isa = PBXFileReference; fileEncoding = 4; lastKnownFileType = sourcecode.c.h; path = AFURLSessionManager.h; sourceTree = "<group>"; };
		39EBA2B11B8B58C4009D392F /* AFURLSessionManager.m */ = {isa = PBXFileReference; fileEncoding = 4; lastKnownFileType = sourcecode.c.objc; path = AFURLSessionManager.m; sourceTree = "<group>"; };
		39EBA4091B8D95FC009D392F /* Security.framework */ = {isa = PBXFileReference; lastKnownFileType = wrapper.framework; name = Security.framework; path = System/Library/Frameworks/Security.framework; sourceTree = SDKROOT; };
		39EBA40B1B8D9618009D392F /* Foundation.framework */ = {isa = PBXFileReference; lastKnownFileType = wrapper.framework; name = Foundation.framework; path = System/Library/Frameworks/Foundation.framework; sourceTree = SDKROOT; };
		39EBA40D1B8D961E009D392F /* UIKit.framework */ = {isa = PBXFileReference; lastKnownFileType = wrapper.framework; name = UIKit.framework; path = System/Library/Frameworks/UIKit.framework; sourceTree = SDKROOT; };
		39EBA40F1B8D9633009D392F /* libstdc++.6.0.9.dylib */ = {isa = PBXFileReference; lastKnownFileType = "compiled.mach-o.dylib"; name = "libstdc++.6.0.9.dylib"; path = "usr/lib/libstdc++.6.0.9.dylib"; sourceTree = SDKROOT; };
		39EBA4111B8D963F009D392F /* AMapSearchKit.framework */ = {isa = PBXFileReference; lastKnownFileType = wrapper.framework; name = AMapSearchKit.framework; path = Extern/AMapSearchKit.framework; sourceTree = "<group>"; };
		39EBA4121B8D963F009D392F /* MAMapKit.framework */ = {isa = PBXFileReference; lastKnownFileType = wrapper.framework; name = MAMapKit.framework; path = Extern/MAMapKit.framework; sourceTree = "<group>"; };
		39EBA45A1B8DF3B3009D392F /* YRSideViewController.h */ = {isa = PBXFileReference; fileEncoding = 4; lastKnownFileType = sourcecode.c.h; path = YRSideViewController.h; sourceTree = "<group>"; };
		39EBA45B1B8DF3B3009D392F /* YRSideViewController.m */ = {isa = PBXFileReference; fileEncoding = 4; lastKnownFileType = sourcecode.c.objc; path = YRSideViewController.m; sourceTree = "<group>"; };
		39EBA45D1B8DF526009D392F /* SettingViewController.h */ = {isa = PBXFileReference; fileEncoding = 4; lastKnownFileType = sourcecode.c.h; path = SettingViewController.h; sourceTree = "<group>"; };
		39EBA45E1B8DF526009D392F /* SettingViewController.m */ = {isa = PBXFileReference; fileEncoding = 4; lastKnownFileType = sourcecode.c.objc; path = SettingViewController.m; sourceTree = "<group>"; };
		39EBA45F1B8DF526009D392F /* SettingViewController.xib */ = {isa = PBXFileReference; fileEncoding = 4; lastKnownFileType = file.xib; path = SettingViewController.xib; sourceTree = "<group>"; };
		39F53BFB1BC0C7B80033732A /* libz.1.dylib */ = {isa = PBXFileReference; lastKnownFileType = "compiled.mach-o.dylib"; name = libz.1.dylib; path = ../../../../../usr/lib/libz.1.dylib; sourceTree = "<group>"; };
		39F53BFD1BC0C7CF0033732A /* libstdc++.6.0.9.dylib */ = {isa = PBXFileReference; lastKnownFileType = "compiled.mach-o.dylib"; name = "libstdc++.6.0.9.dylib"; path = "../../../../../usr/lib/libstdc++.6.0.9.dylib"; sourceTree = "<group>"; };
		39F53BFF1BC0C7E20033732A /* libsqlite3.dylib */ = {isa = PBXFileReference; lastKnownFileType = "compiled.mach-o.dylib"; name = libsqlite3.dylib; path = ../../../../../usr/lib/libsqlite3.dylib; sourceTree = "<group>"; };
		39F53C091BCBEDDF0033732A /* Images.xcassets */ = {isa = PBXFileReference; lastKnownFileType = folder.assetcatalog; path = Images.xcassets; sourceTree = "<group>"; };
		39F53C0B1BCC05400033732A /* 大嘴说图.entitlements */ = {isa = PBXFileReference; lastKnownFileType = text.xml; path = "大嘴说图.entitlements"; sourceTree = "<group>"; };
		39F53C0C1BCCE1380033732A /* MerchantViewController.h */ = {isa = PBXFileReference; fileEncoding = 4; lastKnownFileType = sourcecode.c.h; path = MerchantViewController.h; sourceTree = "<group>"; };
		39F53C0D1BCCE1380033732A /* MerchantViewController.m */ = {isa = PBXFileReference; fileEncoding = 4; lastKnownFileType = sourcecode.c.objc; path = MerchantViewController.m; sourceTree = "<group>"; };
		39F53C0E1BCCE1380033732A /* MerchantViewController.xib */ = {isa = PBXFileReference; fileEncoding = 4; lastKnownFileType = file.xib; path = MerchantViewController.xib; sourceTree = "<group>"; };
		39F53C121BCDF1230033732A /* StoreKit.framework */ = {isa = PBXFileReference; lastKnownFileType = wrapper.framework; name = StoreKit.framework; path = System/Library/Frameworks/StoreKit.framework; sourceTree = SDKROOT; };
		39F53C301BCDF8950033732A /* IAPHelper.h */ = {isa = PBXFileReference; fileEncoding = 4; lastKnownFileType = sourcecode.c.h; path = IAPHelper.h; sourceTree = "<group>"; };
		39F53C311BCDF8950033732A /* IAPHelper.m */ = {isa = PBXFileReference; fileEncoding = 4; lastKnownFileType = sourcecode.c.objc; path = IAPHelper.m; sourceTree = "<group>"; };
		39F53C321BCDF8950033732A /* IAPShare.h */ = {isa = PBXFileReference; fileEncoding = 4; lastKnownFileType = sourcecode.c.h; path = IAPShare.h; sourceTree = "<group>"; };
		39F53C331BCDF8950033732A /* IAPShare.m */ = {isa = PBXFileReference; fileEncoding = 4; lastKnownFileType = sourcecode.c.objc; path = IAPShare.m; sourceTree = "<group>"; };
		39F53C341BCDF8950033732A /* NSString+Base64.h */ = {isa = PBXFileReference; fileEncoding = 4; lastKnownFileType = sourcecode.c.h; path = "NSString+Base64.h"; sourceTree = "<group>"; };
		39F53C351BCDF8950033732A /* NSString+Base64.m */ = {isa = PBXFileReference; fileEncoding = 4; lastKnownFileType = sourcecode.c.objc; path = "NSString+Base64.m"; sourceTree = "<group>"; };
		39F53C361BCDF8950033732A /* SFHFKeychainUtils.h */ = {isa = PBXFileReference; fileEncoding = 4; lastKnownFileType = sourcecode.c.h; path = SFHFKeychainUtils.h; sourceTree = "<group>"; };
		39F53C371BCDF8950033732A /* SFHFKeychainUtils.m */ = {isa = PBXFileReference; fileEncoding = 4; lastKnownFileType = sourcecode.c.objc; path = SFHFKeychainUtils.m; sourceTree = "<group>"; };
		5C3F0EA01BA2A9CF009C9CBD /* RectangleView.h */ = {isa = PBXFileReference; fileEncoding = 4; lastKnownFileType = sourcecode.c.h; path = RectangleView.h; sourceTree = "<group>"; };
		5C3F0EA11BA2A9CF009C9CBD /* RectangleView.m */ = {isa = PBXFileReference; fileEncoding = 4; lastKnownFileType = sourcecode.c.objc; path = RectangleView.m; sourceTree = "<group>"; };
		5CECCBE61BA2E9F60070927E /* Dzst_face_detect.png */ = {isa = PBXFileReference; lastKnownFileType = image.png; path = Dzst_face_detect.png; sourceTree = "<group>"; };
		5CECCBE81BA2EC130070927E /* Dzst_upload.png */ = {isa = PBXFileReference; lastKnownFileType = image.png; path = Dzst_upload.png; sourceTree = "<group>"; };
		EB2397CF1B44E066004182BC /* 大嘴说图.app */ = {isa = PBXFileReference; explicitFileType = wrapper.application; includeInIndex = 0; path = "大嘴说图.app"; sourceTree = BUILT_PRODUCTS_DIR; };
		EB2397D31B44E066004182BC /* Info.plist */ = {isa = PBXFileReference; lastKnownFileType = text.plist.xml; path = Info.plist; sourceTree = "<group>"; };
		EB2397D41B44E066004182BC /* main.m */ = {isa = PBXFileReference; lastKnownFileType = sourcecode.c.objc; path = main.m; sourceTree = "<group>"; };
		EB2397E81B44E066004182BC /* VoiceImageTests.xctest */ = {isa = PBXFileReference; explicitFileType = wrapper.cfbundle; includeInIndex = 0; path = VoiceImageTests.xctest; sourceTree = BUILT_PRODUCTS_DIR; };
		EB2397ED1B44E066004182BC /* Info.plist */ = {isa = PBXFileReference; lastKnownFileType = text.plist.xml; path = Info.plist; sourceTree = "<group>"; };
		EB2397EE1B44E066004182BC /* VoiceImageTests.m */ = {isa = PBXFileReference; lastKnownFileType = sourcecode.c.objc; path = VoiceImageTests.m; sourceTree = "<group>"; };
		EB2397F81B44E0E2004182BC /* APPAppDelegate.h */ = {isa = PBXFileReference; fileEncoding = 4; lastKnownFileType = sourcecode.c.h; path = APPAppDelegate.h; sourceTree = "<group>"; };
		EB23980F1B44E733004182BC /* LaunchScreen.xib */ = {isa = PBXFileReference; fileEncoding = 4; lastKnownFileType = file.xib; path = LaunchScreen.xib; sourceTree = "<group>"; };
		EB2398111B44EEE7004182BC /* TagPhotoViewController.h */ = {isa = PBXFileReference; fileEncoding = 4; lastKnownFileType = sourcecode.c.h; path = TagPhotoViewController.h; sourceTree = "<group>"; };
		EB2398121B44EEE7004182BC /* TagPhotoViewController.m */ = {isa = PBXFileReference; fileEncoding = 4; lastKnownFileType = sourcecode.c.objc; path = TagPhotoViewController.m; sourceTree = "<group>"; };
		EB2398131B44EEE7004182BC /* TagPhotoViewController.xib */ = {isa = PBXFileReference; fileEncoding = 4; lastKnownFileType = file.xib; path = TagPhotoViewController.xib; sourceTree = "<group>"; };
		EB2398161B44F05B004182BC /* CompleteViewController.h */ = {isa = PBXFileReference; fileEncoding = 4; lastKnownFileType = sourcecode.c.h; path = CompleteViewController.h; sourceTree = "<group>"; };
		EB2398171B44F05B004182BC /* CompleteViewController.m */ = {isa = PBXFileReference; fileEncoding = 4; lastKnownFileType = sourcecode.c.objc; path = CompleteViewController.m; sourceTree = "<group>"; };
		EB2398181B44F05B004182BC /* CompleteViewController.xib */ = {isa = PBXFileReference; fileEncoding = 4; lastKnownFileType = file.xib; path = CompleteViewController.xib; sourceTree = "<group>"; };
		EB23981B1B450A27004182BC /* ImageInfo.h */ = {isa = PBXFileReference; lastKnownFileType = sourcecode.c.h; path = ImageInfo.h; sourceTree = "<group>"; };
		EB23981C1B450A73004182BC /* ImageInfo.m */ = {isa = PBXFileReference; fileEncoding = 4; lastKnownFileType = sourcecode.c.objc; path = ImageInfo.m; sourceTree = "<group>"; };
		EB23981E1B45210C004182BC /* AVFoundation.framework */ = {isa = PBXFileReference; lastKnownFileType = wrapper.framework; name = AVFoundation.framework; path = System/Library/Frameworks/AVFoundation.framework; sourceTree = SDKROOT; };
		EB2398241B453EA1004182BC /* CoreLocation.framework */ = {isa = PBXFileReference; lastKnownFileType = wrapper.framework; name = CoreLocation.framework; path = System/Library/Frameworks/CoreLocation.framework; sourceTree = SDKROOT; };
		EB2398261B4543F0004182BC /* Global.h */ = {isa = PBXFileReference; lastKnownFileType = sourcecode.c.h; path = Global.h; sourceTree = "<group>"; };
		EB2398271B45442C004182BC /* Global.m */ = {isa = PBXFileReference; fileEncoding = 4; lastKnownFileType = sourcecode.c.objc; path = Global.m; sourceTree = "<group>"; };
		EB4A48471B4A470800CABEB1 /* HttpHelper.h */ = {isa = PBXFileReference; fileEncoding = 4; lastKnownFileType = sourcecode.c.h; path = HttpHelper.h; sourceTree = "<group>"; };
		EB4A48481B4A470800CABEB1 /* HttpHelper.m */ = {isa = PBXFileReference; fileEncoding = 4; lastKnownFileType = sourcecode.c.objc; path = HttpHelper.m; sourceTree = "<group>"; };
		EB4A48631B4E068900CABEB1 /* GLKit.framework */ = {isa = PBXFileReference; lastKnownFileType = wrapper.framework; name = GLKit.framework; path = System/Library/Frameworks/GLKit.framework; sourceTree = SDKROOT; };
		EB4A48651B4E06A300CABEB1 /* AudioToolbox.framework */ = {isa = PBXFileReference; lastKnownFileType = wrapper.framework; name = AudioToolbox.framework; path = System/Library/Frameworks/AudioToolbox.framework; sourceTree = SDKROOT; };
		EB5289171B462FF000E35384 /* QuartzCore.framework */ = {isa = PBXFileReference; lastKnownFileType = wrapper.framework; name = QuartzCore.framework; path = System/Library/Frameworks/QuartzCore.framework; sourceTree = SDKROOT; };
		EB5289191B462FFE00E35384 /* ImageIO.framework */ = {isa = PBXFileReference; lastKnownFileType = wrapper.framework; name = ImageIO.framework; path = System/Library/Frameworks/ImageIO.framework; sourceTree = SDKROOT; };
		EB52891B1B46301300E35384 /* CoreGraphics.framework */ = {isa = PBXFileReference; lastKnownFileType = wrapper.framework; name = CoreGraphics.framework; path = System/Library/Frameworks/CoreGraphics.framework; sourceTree = SDKROOT; };
		EB52891D1B46301C00E35384 /* MessageUI.framework */ = {isa = PBXFileReference; lastKnownFileType = wrapper.framework; name = MessageUI.framework; path = System/Library/Frameworks/MessageUI.framework; sourceTree = SDKROOT; };
		EB52891F1B46302800E35384 /* MapKit.framework */ = {isa = PBXFileReference; lastKnownFileType = wrapper.framework; name = MapKit.framework; path = System/Library/Frameworks/MapKit.framework; sourceTree = SDKROOT; };
		EB5289211B46343D00E35384 /* MWPhotoBrowser.xcodeproj */ = {isa = PBXFileReference; lastKnownFileType = "wrapper.pb-project"; name = MWPhotoBrowser.xcodeproj; path = MWPhotoBrowser/MWPhotoBrowser.xcodeproj; sourceTree = "<group>"; };
		EB5289281B46348B00E35384 /* MWPhotoBrowser.bundle */ = {isa = PBXFileReference; lastKnownFileType = "wrapper.plug-in"; name = MWPhotoBrowser.bundle; path = MWPhotoBrowser/MWPhotoBrowser.bundle; sourceTree = "<group>"; };
		EB52892C1B4646D600E35384 /* MyPhotoBrowser.h */ = {isa = PBXFileReference; fileEncoding = 4; lastKnownFileType = sourcecode.c.h; path = MyPhotoBrowser.h; sourceTree = "<group>"; };
		EB52892D1B4646D600E35384 /* MyPhotoBrowser.m */ = {isa = PBXFileReference; fileEncoding = 4; lastKnownFileType = sourcecode.c.objc; path = MyPhotoBrowser.m; sourceTree = "<group>"; };
		EB5289361B46718900E35384 /* PhotoDataProvider.h */ = {isa = PBXFileReference; fileEncoding = 4; lastKnownFileType = sourcecode.c.h; path = PhotoDataProvider.h; sourceTree = "<group>"; };
		EB5289371B46718900E35384 /* PhotoDataProvider.m */ = {isa = PBXFileReference; fileEncoding = 4; lastKnownFileType = sourcecode.c.objc; path = PhotoDataProvider.m; sourceTree = "<group>"; };
		EB52893B1B4A27F800E35384 /* DataHolder.h */ = {isa = PBXFileReference; fileEncoding = 4; lastKnownFileType = sourcecode.c.h; path = DataHolder.h; sourceTree = "<group>"; };
		EB52893C1B4A27F800E35384 /* DataHolder.m */ = {isa = PBXFileReference; fileEncoding = 4; lastKnownFileType = sourcecode.c.objc; path = DataHolder.m; sourceTree = "<group>"; };
		EB85AA581B5CDFD600F4F4F3 /* EZAudio.h */ = {isa = PBXFileReference; fileEncoding = 4; lastKnownFileType = sourcecode.c.h; path = EZAudio.h; sourceTree = "<group>"; };
		EB85AA591B5CDFD600F4F4F3 /* EZAudio.m */ = {isa = PBXFileReference; fileEncoding = 4; lastKnownFileType = sourcecode.c.objc; path = EZAudio.m; sourceTree = "<group>"; };
		EB85AA5A1B5CDFD600F4F4F3 /* EZAudioDevice.h */ = {isa = PBXFileReference; fileEncoding = 4; lastKnownFileType = sourcecode.c.h; path = EZAudioDevice.h; sourceTree = "<group>"; };
		EB85AA5B1B5CDFD600F4F4F3 /* EZAudioDevice.m */ = {isa = PBXFileReference; fileEncoding = 4; lastKnownFileType = sourcecode.c.objc; path = EZAudioDevice.m; sourceTree = "<group>"; };
		EB85AA5C1B5CDFD600F4F4F3 /* EZAudioDisplayLink.h */ = {isa = PBXFileReference; fileEncoding = 4; lastKnownFileType = sourcecode.c.h; path = EZAudioDisplayLink.h; sourceTree = "<group>"; };
		EB85AA5D1B5CDFD600F4F4F3 /* EZAudioDisplayLink.m */ = {isa = PBXFileReference; fileEncoding = 4; lastKnownFileType = sourcecode.c.objc; path = EZAudioDisplayLink.m; sourceTree = "<group>"; };
		EB85AA5E1B5CDFD600F4F4F3 /* EZAudioFile.h */ = {isa = PBXFileReference; fileEncoding = 4; lastKnownFileType = sourcecode.c.h; path = EZAudioFile.h; sourceTree = "<group>"; };
		EB85AA5F1B5CDFD600F4F4F3 /* EZAudioFile.m */ = {isa = PBXFileReference; fileEncoding = 4; lastKnownFileType = sourcecode.c.objc; path = EZAudioFile.m; sourceTree = "<group>"; };
		EB85AA601B5CDFD600F4F4F3 /* EZAudioFloatConverter.h */ = {isa = PBXFileReference; fileEncoding = 4; lastKnownFileType = sourcecode.c.h; path = EZAudioFloatConverter.h; sourceTree = "<group>"; };
		EB85AA611B5CDFD600F4F4F3 /* EZAudioFloatConverter.m */ = {isa = PBXFileReference; fileEncoding = 4; lastKnownFileType = sourcecode.c.objc; path = EZAudioFloatConverter.m; sourceTree = "<group>"; };
		EB85AA621B5CDFD600F4F4F3 /* EZAudioFloatData.h */ = {isa = PBXFileReference; fileEncoding = 4; lastKnownFileType = sourcecode.c.h; path = EZAudioFloatData.h; sourceTree = "<group>"; };
		EB85AA631B5CDFD600F4F4F3 /* EZAudioFloatData.m */ = {isa = PBXFileReference; fileEncoding = 4; lastKnownFileType = sourcecode.c.objc; path = EZAudioFloatData.m; sourceTree = "<group>"; };
		EB85AA641B5CDFD600F4F4F3 /* EZAudioPlayer.h */ = {isa = PBXFileReference; fileEncoding = 4; lastKnownFileType = sourcecode.c.h; path = EZAudioPlayer.h; sourceTree = "<group>"; };
		EB85AA651B5CDFD600F4F4F3 /* EZAudioPlayer.m */ = {isa = PBXFileReference; fileEncoding = 4; lastKnownFileType = sourcecode.c.objc; path = EZAudioPlayer.m; sourceTree = "<group>"; };
		EB85AA661B5CDFD600F4F4F3 /* EZAudioPlot.h */ = {isa = PBXFileReference; fileEncoding = 4; lastKnownFileType = sourcecode.c.h; path = EZAudioPlot.h; sourceTree = "<group>"; };
		EB85AA671B5CDFD600F4F4F3 /* EZAudioPlot.m */ = {isa = PBXFileReference; fileEncoding = 4; lastKnownFileType = sourcecode.c.objc; path = EZAudioPlot.m; sourceTree = "<group>"; };
		EB85AA681B5CDFD600F4F4F3 /* EZAudioPlotGL.h */ = {isa = PBXFileReference; fileEncoding = 4; lastKnownFileType = sourcecode.c.h; path = EZAudioPlotGL.h; sourceTree = "<group>"; };
		EB85AA691B5CDFD600F4F4F3 /* EZAudioPlotGL.m */ = {isa = PBXFileReference; fileEncoding = 4; lastKnownFileType = sourcecode.c.objc; path = EZAudioPlotGL.m; sourceTree = "<group>"; };
		EB85AA6A1B5CDFD600F4F4F3 /* EZAudioUtilities.h */ = {isa = PBXFileReference; fileEncoding = 4; lastKnownFileType = sourcecode.c.h; path = EZAudioUtilities.h; sourceTree = "<group>"; };
		EB85AA6B1B5CDFD600F4F4F3 /* EZAudioUtilities.m */ = {isa = PBXFileReference; fileEncoding = 4; lastKnownFileType = sourcecode.c.objc; path = EZAudioUtilities.m; sourceTree = "<group>"; };
		EB85AA6C1B5CDFD600F4F4F3 /* EZMicrophone.h */ = {isa = PBXFileReference; fileEncoding = 4; lastKnownFileType = sourcecode.c.h; path = EZMicrophone.h; sourceTree = "<group>"; };
		EB85AA6D1B5CDFD600F4F4F3 /* EZMicrophone.m */ = {isa = PBXFileReference; fileEncoding = 4; lastKnownFileType = sourcecode.c.objc; path = EZMicrophone.m; sourceTree = "<group>"; };
		EB85AA6E1B5CDFD600F4F4F3 /* EZOutput.h */ = {isa = PBXFileReference; fileEncoding = 4; lastKnownFileType = sourcecode.c.h; path = EZOutput.h; sourceTree = "<group>"; };
		EB85AA6F1B5CDFD600F4F4F3 /* EZOutput.m */ = {isa = PBXFileReference; fileEncoding = 4; lastKnownFileType = sourcecode.c.objc; path = EZOutput.m; sourceTree = "<group>"; };
		EB85AA701B5CDFD600F4F4F3 /* EZPlot.h */ = {isa = PBXFileReference; fileEncoding = 4; lastKnownFileType = sourcecode.c.h; path = EZPlot.h; sourceTree = "<group>"; };
		EB85AA711B5CDFD600F4F4F3 /* EZPlot.m */ = {isa = PBXFileReference; fileEncoding = 4; lastKnownFileType = sourcecode.c.objc; path = EZPlot.m; sourceTree = "<group>"; };
		EB85AA721B5CDFD600F4F4F3 /* EZRecorder.h */ = {isa = PBXFileReference; fileEncoding = 4; lastKnownFileType = sourcecode.c.h; path = EZRecorder.h; sourceTree = "<group>"; };
		EB85AA731B5CDFD600F4F4F3 /* EZRecorder.m */ = {isa = PBXFileReference; fileEncoding = 4; lastKnownFileType = sourcecode.c.objc; path = EZRecorder.m; sourceTree = "<group>"; };
		EB85AA741B5CDFD600F4F4F3 /* TPCircularBuffer.c */ = {isa = PBXFileReference; fileEncoding = 4; lastKnownFileType = sourcecode.c.c; path = TPCircularBuffer.c; sourceTree = "<group>"; };
		EB85AA751B5CDFD600F4F4F3 /* TPCircularBuffer.h */ = {isa = PBXFileReference; fileEncoding = 4; lastKnownFileType = sourcecode.c.h; path = TPCircularBuffer.h; sourceTree = "<group>"; };
		EB85AA771B5CDFD600F4F4F3 /* CHANGELOG */ = {isa = PBXFileReference; fileEncoding = 4; lastKnownFileType = text; path = CHANGELOG; sourceTree = "<group>"; };
		EB85AA781B5CDFD600F4F4F3 /* VERSION */ = {isa = PBXFileReference; fileEncoding = 4; lastKnownFileType = text; path = VERSION; sourceTree = "<group>"; };
		EBFBBA4C1B6F077A0065902F /* iflyMSC.framework */ = {isa = PBXFileReference; lastKnownFileType = wrapper.framework; name = iflyMSC.framework; path = lib/iflyMSC.framework; sourceTree = "<group>"; };
		EBFBBA4E1B6F08F10065902F /* IATConfig.h */ = {isa = PBXFileReference; fileEncoding = 4; lastKnownFileType = sourcecode.c.h; path = IATConfig.h; sourceTree = "<group>"; };
		EBFBBA4F1B6F08F10065902F /* IATConfig.m */ = {isa = PBXFileReference; fileEncoding = 4; lastKnownFileType = sourcecode.c.objc; path = IATConfig.m; sourceTree = "<group>"; };
		EBFBBA511B6F0B100065902F /* CoreTelephony.framework */ = {isa = PBXFileReference; lastKnownFileType = wrapper.framework; name = CoreTelephony.framework; path = System/Library/Frameworks/CoreTelephony.framework; sourceTree = SDKROOT; };
		EBFBBA531B6F0B5F0065902F /* libSunFlower.a */ = {isa = PBXFileReference; lastKnownFileType = archive.ar; name = libSunFlower.a; path = lib/sunflower/libSunFlower.a; sourceTree = "<group>"; };
		EBFBBA551B6F0B9E0065902F /* libz.dylib */ = {isa = PBXFileReference; lastKnownFileType = "compiled.mach-o.dylib"; name = libz.dylib; path = usr/lib/libz.dylib; sourceTree = SDKROOT; };
		EBFBBA571B6F0BB50065902F /* AddressBook.framework */ = {isa = PBXFileReference; lastKnownFileType = wrapper.framework; name = AddressBook.framework; path = System/Library/Frameworks/AddressBook.framework; sourceTree = SDKROOT; };
		EBFBBA591B6F0BD00065902F /* SystemConfiguration.framework */ = {isa = PBXFileReference; lastKnownFileType = wrapper.framework; name = SystemConfiguration.framework; path = System/Library/Frameworks/SystemConfiguration.framework; sourceTree = SDKROOT; };
		EBFBBA5B1B6F19A60065902F /* ISRDataHelper.h */ = {isa = PBXFileReference; fileEncoding = 4; lastKnownFileType = sourcecode.c.h; path = ISRDataHelper.h; sourceTree = "<group>"; };
		EBFBBA5C1B6F19A60065902F /* ISRDataHelper.m */ = {isa = PBXFileReference; fileEncoding = 4; lastKnownFileType = sourcecode.c.objc; path = ISRDataHelper.m; sourceTree = "<group>"; };
/* End PBXFileReference section */

/* Begin PBXFrameworksBuildPhase section */
		EB2397CC1B44E066004182BC /* Frameworks */ = {
			isa = PBXFrameworksBuildPhase;
			buildActionMask = 2147483647;
			files = (
				39F53C131BCDF1230033732A /* StoreKit.framework in Frameworks */,
				39F53C001BC0C7E20033732A /* libsqlite3.dylib in Frameworks */,
				39F53BFE1BC0C7CF0033732A /* libstdc++.6.0.9.dylib in Frameworks */,
				39F53BFC1BC0C7B80033732A /* libz.1.dylib in Frameworks */,
				39EBA4131B8D963F009D392F /* AMapSearchKit.framework in Frameworks */,
				39EBA4141B8D963F009D392F /* MAMapKit.framework in Frameworks */,
				39EBA40E1B8D961E009D392F /* UIKit.framework in Frameworks */,
				39EBA40C1B8D9618009D392F /* Foundation.framework in Frameworks */,
				39EBA40A1B8D95FC009D392F /* Security.framework in Frameworks */,
				EBFBBA521B6F0B100065902F /* CoreTelephony.framework in Frameworks */,
				EBFBBA5A1B6F0BD00065902F /* SystemConfiguration.framework in Frameworks */,
				EBFBBA581B6F0BB50065902F /* AddressBook.framework in Frameworks */,
				EBFBBA541B6F0B5F0065902F /* libSunFlower.a in Frameworks */,
				EBFBBA4D1B6F077A0065902F /* iflyMSC.framework in Frameworks */,
				EB4A48661B4E06A300CABEB1 /* AudioToolbox.framework in Frameworks */,
				EB4A48641B4E068900CABEB1 /* GLKit.framework in Frameworks */,
				EB5289271B46345D00E35384 /* libMWPhotoBrowser.a in Frameworks */,
				EB5289201B46302800E35384 /* MapKit.framework in Frameworks */,
				EB52891E1B46301C00E35384 /* MessageUI.framework in Frameworks */,
				EB52891C1B46301300E35384 /* CoreGraphics.framework in Frameworks */,
				EB52891A1B462FFE00E35384 /* ImageIO.framework in Frameworks */,
				EB5289181B462FF000E35384 /* QuartzCore.framework in Frameworks */,
				EB2398251B453EA1004182BC /* CoreLocation.framework in Frameworks */,
				EB23981F1B45210C004182BC /* AVFoundation.framework in Frameworks */,
			);
			runOnlyForDeploymentPostprocessing = 0;
		};
		EB2397E51B44E066004182BC /* Frameworks */ = {
			isa = PBXFrameworksBuildPhase;
			buildActionMask = 2147483647;
			files = (
			);
			runOnlyForDeploymentPostprocessing = 0;
		};
/* End PBXFrameworksBuildPhase section */

/* Begin PBXGroup section */
		392CAB821B9FC0A3001F284A /* SVProgressHUD */ = {
			isa = PBXGroup;
			children = (
				392CAB831B9FC0A3001F284A /* SVIndefiniteAnimatedView.h */,
				392CAB841B9FC0A3001F284A /* SVIndefiniteAnimatedView.m */,
				392CAB851B9FC0A3001F284A /* SVProgressHUD-Prefix.pch */,
				392CAB861B9FC0A3001F284A /* SVProgressHUD.bundle */,
				392CAB871B9FC0A3001F284A /* SVProgressHUD.h */,
				392CAB881B9FC0A3001F284A /* SVProgressHUD.m */,
				392CAB891B9FC0A3001F284A /* SVRadialGradientLayer.h */,
				392CAB8A1B9FC0A3001F284A /* SVRadialGradientLayer.m */,
			);
			path = SVProgressHUD;
			sourceTree = "<group>";
		};
		393374341B9C0C09002455BB /* Reachability */ = {
			isa = PBXGroup;
			children = (
				393374351B9C0C09002455BB /* Reachability.h */,
				393374361B9C0C09002455BB /* Reachability.m */,
			);
			path = Reachability;
			sourceTree = "<group>";
		};
		39B38F621B954EAB0090A809 /* Images */ = {
			isa = PBXGroup;
			children = (
				5CECCBE81BA2EC130070927E /* Dzst_upload.png */,
				5CECCBE61BA2E9F60070927E /* Dzst_face_detect.png */,
				393374381B9C2A02002455BB /* Dzst_delete_desc.png */,
				3971356E1B96BF350092B846 /* Dzst_cbl_avatar.png */,
				3971356F1B96BF350092B846 /* Dzst_cbl_bg.png */,
				397135701B96BF350092B846 /* Dzst_cbl_icon_arrow_click.png */,
				397135711B96BF350092B846 /* Dzst_cbl_icon_arrow_normal.png */,
				397135731B96BF350092B846 /* Dzst_cbl_icon_QQ.png */,
				397135741B96BF350092B846 /* Dzst_cbl_icon_Wechat.png */,
				397135751B96BF350092B846 /* Dzst_cbl_icon_wifi_off.png */,
				397135761B96BF350092B846 /* Dzst_cbl_icon_wifi_on.png */,
				397135771B96BF350092B846 /* Dzst_cbl_icon_wifi.png */,
				39809E751B9D6A5C00014A0C /* Dzst_cbl_icon_language.png */,
				397135781B96BF350092B846 /* Dzst_line.png */,
				3933742C1B96CD1C002455BB /* Dzst_color.png */,
				39B38F631B954EAB0090A809 /* Dzst_function_bg-pic.png */,
				39B38F641B954EAB0090A809 /* Dzst_function_foot-bg@2x.png */,
				39B38F651B954EAB0090A809 /* Dzst_function_icon-arrow@2x.png */,
				39B38F661B954EAB0090A809 /* Dzst_function_icon-yy_normal@2x.png */,
				39B38F671B954EAB0090A809 /* Dzst_function_icon-yy_press@2x.png */,
				39B38F681B954EAB0090A809 /* Dzst_loading_icon@2x.png */,
				39B38F691B954EAB0090A809 /* Dzst_loading_microsoft-logo@2x.png */,
				39B38F6A1B954EAB0090A809 /* Dzst_mainpage_bg@2x.png */,
				39B38F6B1B954EAB0090A809 /* Dzst_mainpage_czzp@2x.png */,
				39B38F6C1B954EAB0090A809 /* Dzst_mainpage_icon-camera@2x.png */,
				39B38F6D1B954EAB0090A809 /* Dzst_mainpage_icon_search@2x.png */,
				39B38F6E1B954EAB0090A809 /* Dzst_mainpage_ps@2x.png */,
				39B38F6F1B954EAB0090A809 /* Dzst_start.png */,
				39B38F701B954EAB0090A809 /* Dzst_start1.png */,
				39B38F711B954EAB0090A809 /* Dzst_start2.png */,
				3933744B1B9C6EF4002455BB /* Dzst_splash1.png */,
				3933744C1B9C6EF4002455BB /* Dzst_splash2.png */,
				3933744D1B9C6EF4002455BB /* Dzst_splash3.png */,
				3933744E1B9C6EF4002455BB /* Dzst_splash4.png */,
				39B38F721B954EAB0090A809 /* Dzst_succeed_icon2@2x.png */,
				39B38F731B954EAB0090A809 /* Dzst_succeed_icon@2x.png */,
				39B38F741B954EAB0090A809 /* Dzst_succeed_icon_click@2x.png */,
				39B38F751B954EAB0090A809 /* Dzst_succeed_right@2x.png */,
				39B38F761B954EAB0090A809 /* Dzst_tag.png */,
				39B38F771B954EAB0090A809 /* Dzst_take-photo.png */,
				39B38F781B954EAB0090A809 /* Dzst_take-photo_down.png */,
				39B38F791B954EAB0090A809 /* Dzst_take-photo_icon.png */,
				39B38F9B1B954FCC0090A809 /* Dzst_loading.png */,
				39B38F7A1B954EAB0090A809 /* Dzst_take-photo_icon_click.png */,
				39B38F7B1B954EAB0090A809 /* Dzst_take-photo_upbg.png */,
				39B38F7C1B954EAB0090A809 /* icon.png */,
				39B38F7D1B954EAB0090A809 /* photo_bg1@2x.png */,
				39B38F7E1B954EAB0090A809 /* photo_bg2@2x.png */,
			);
			name = Images;
			path = images;
			sourceTree = "<group>";
		};
		39EBA29E1B8B58C4009D392F /* AFNetworking */ = {
			isa = PBXGroup;
			children = (
				39EBA29F1B8B58C4009D392F /* AFHTTPRequestOperation.h */,
				39EBA2A01B8B58C4009D392F /* AFHTTPRequestOperation.m */,
				39EBA2A11B8B58C4009D392F /* AFHTTPRequestOperationManager.h */,
				39EBA2A21B8B58C4009D392F /* AFHTTPRequestOperationManager.m */,
				39EBA2A31B8B58C4009D392F /* AFHTTPSessionManager.h */,
				39EBA2A41B8B58C4009D392F /* AFHTTPSessionManager.m */,
				39EBA2A51B8B58C4009D392F /* AFNetworking.h */,
				39EBA2A61B8B58C4009D392F /* AFNetworkReachabilityManager.h */,
				39EBA2A71B8B58C4009D392F /* AFNetworkReachabilityManager.m */,
				39EBA2A81B8B58C4009D392F /* AFSecurityPolicy.h */,
				39EBA2A91B8B58C4009D392F /* AFSecurityPolicy.m */,
				39EBA2AA1B8B58C4009D392F /* AFURLConnectionOperation.h */,
				39EBA2AB1B8B58C4009D392F /* AFURLConnectionOperation.m */,
				39EBA2AC1B8B58C4009D392F /* AFURLRequestSerialization.h */,
				39EBA2AD1B8B58C4009D392F /* AFURLRequestSerialization.m */,
				39EBA2AE1B8B58C4009D392F /* AFURLResponseSerialization.h */,
				39EBA2AF1B8B58C4009D392F /* AFURLResponseSerialization.m */,
				39EBA2B01B8B58C4009D392F /* AFURLSessionManager.h */,
				39EBA2B11B8B58C4009D392F /* AFURLSessionManager.m */,
			);
			path = AFNetworking;
			sourceTree = "<group>";
		};
		39EBA4591B8DF3B3009D392F /* YRSideViewController */ = {
			isa = PBXGroup;
			children = (
				39EBA45A1B8DF3B3009D392F /* YRSideViewController.h */,
				39EBA45B1B8DF3B3009D392F /* YRSideViewController.m */,
			);
			path = YRSideViewController;
			sourceTree = "<group>";
		};
		39F53C2F1BCDF8950033732A /* IAPHelper */ = {
			isa = PBXGroup;
			children = (
				39F53C301BCDF8950033732A /* IAPHelper.h */,
				39F53C311BCDF8950033732A /* IAPHelper.m */,
				39F53C321BCDF8950033732A /* IAPShare.h */,
				39F53C331BCDF8950033732A /* IAPShare.m */,
				39F53C341BCDF8950033732A /* NSString+Base64.h */,
				39F53C351BCDF8950033732A /* NSString+Base64.m */,
				39F53C361BCDF8950033732A /* SFHFKeychainUtils.h */,
				39F53C371BCDF8950033732A /* SFHFKeychainUtils.m */,
			);
			path = IAPHelper;
			sourceTree = "<group>";
		};
		EB2397C61B44E066004182BC = {
			isa = PBXGroup;
			children = (
				EB85AA9D1B5CE04900F4F4F3 /* Frameworks */,
				EB5289281B46348B00E35384 /* MWPhotoBrowser.bundle */,
				EB5289211B46343D00E35384 /* MWPhotoBrowser.xcodeproj */,
				EB2397D11B44E066004182BC /* VoiceImage */,
				EB2397EB1B44E066004182BC /* VoiceImageTests */,
				EB2397D01B44E066004182BC /* Products */,
			);
			sourceTree = "<group>";
		};
		EB2397D01B44E066004182BC /* Products */ = {
			isa = PBXGroup;
			children = (
				EB2397CF1B44E066004182BC /* 大嘴说图.app */,
				EB2397E81B44E066004182BC /* VoiceImageTests.xctest */,
			);
			name = Products;
			sourceTree = "<group>";
		};
		EB2397D11B44E066004182BC /* VoiceImage */ = {
			isa = PBXGroup;
			children = (
				39F53C0B1BCC05400033732A /* 大嘴说图.entitlements */,
				39F53C2F1BCDF8950033732A /* IAPHelper */,
				392CAB821B9FC0A3001F284A /* SVProgressHUD */,
				393374341B9C0C09002455BB /* Reachability */,
				39B38F621B954EAB0090A809 /* Images */,
				39EBA4591B8DF3B3009D392F /* YRSideViewController */,
				39EBA29E1B8B58C4009D392F /* AFNetworking */,
				EB85AA9E1B5CE1F300F4F4F3 /* UI */,
				EB85AA571B5CDFD600F4F4F3 /* EZAudio */,
				EB85AA9F1B5CE22700F4F4F3 /* Source */,
				39F53C091BCBEDDF0033732A /* Images.xcassets */,
				EB2397D21B44E066004182BC /* Supporting Files */,
			);
			path = VoiceImage;
			sourceTree = "<group>";
		};
		EB2397D21B44E066004182BC /* Supporting Files */ = {
			isa = PBXGroup;
			children = (
				EB2397D31B44E066004182BC /* Info.plist */,
				EB2397D41B44E066004182BC /* main.m */,
			);
			name = "Supporting Files";
			sourceTree = "<group>";
		};
		EB2397EB1B44E066004182BC /* VoiceImageTests */ = {
			isa = PBXGroup;
			children = (
				EB2397EE1B44E066004182BC /* VoiceImageTests.m */,
				EB2397EC1B44E066004182BC /* Supporting Files */,
			);
			path = VoiceImageTests;
			sourceTree = "<group>";
		};
		EB2397EC1B44E066004182BC /* Supporting Files */ = {
			isa = PBXGroup;
			children = (
				EB2397ED1B44E066004182BC /* Info.plist */,
			);
			name = "Supporting Files";
			sourceTree = "<group>";
		};
		EB5289221B46343D00E35384 /* Products */ = {
			isa = PBXGroup;
			children = (
				EB5289261B46343D00E35384 /* libMWPhotoBrowser.a */,
			);
			name = Products;
			sourceTree = "<group>";
		};
		EB85AA571B5CDFD600F4F4F3 /* EZAudio */ = {
			isa = PBXGroup;
			children = (
				EB85AA581B5CDFD600F4F4F3 /* EZAudio.h */,
				EB85AA591B5CDFD600F4F4F3 /* EZAudio.m */,
				EB85AA5A1B5CDFD600F4F4F3 /* EZAudioDevice.h */,
				EB85AA5B1B5CDFD600F4F4F3 /* EZAudioDevice.m */,
				EB85AA5C1B5CDFD600F4F4F3 /* EZAudioDisplayLink.h */,
				EB85AA5D1B5CDFD600F4F4F3 /* EZAudioDisplayLink.m */,
				EB85AA5E1B5CDFD600F4F4F3 /* EZAudioFile.h */,
				EB85AA5F1B5CDFD600F4F4F3 /* EZAudioFile.m */,
				EB85AA601B5CDFD600F4F4F3 /* EZAudioFloatConverter.h */,
				EB85AA611B5CDFD600F4F4F3 /* EZAudioFloatConverter.m */,
				EB85AA621B5CDFD600F4F4F3 /* EZAudioFloatData.h */,
				EB85AA631B5CDFD600F4F4F3 /* EZAudioFloatData.m */,
				EB85AA641B5CDFD600F4F4F3 /* EZAudioPlayer.h */,
				EB85AA651B5CDFD600F4F4F3 /* EZAudioPlayer.m */,
				EB85AA661B5CDFD600F4F4F3 /* EZAudioPlot.h */,
				EB85AA671B5CDFD600F4F4F3 /* EZAudioPlot.m */,
				EB85AA681B5CDFD600F4F4F3 /* EZAudioPlotGL.h */,
				EB85AA691B5CDFD600F4F4F3 /* EZAudioPlotGL.m */,
				EB85AA6A1B5CDFD600F4F4F3 /* EZAudioUtilities.h */,
				EB85AA6B1B5CDFD600F4F4F3 /* EZAudioUtilities.m */,
				EB85AA6C1B5CDFD600F4F4F3 /* EZMicrophone.h */,
				EB85AA6D1B5CDFD600F4F4F3 /* EZMicrophone.m */,
				EB85AA6E1B5CDFD600F4F4F3 /* EZOutput.h */,
				EB85AA6F1B5CDFD600F4F4F3 /* EZOutput.m */,
				EB85AA701B5CDFD600F4F4F3 /* EZPlot.h */,
				EB85AA711B5CDFD600F4F4F3 /* EZPlot.m */,
				EB85AA721B5CDFD600F4F4F3 /* EZRecorder.h */,
				EB85AA731B5CDFD600F4F4F3 /* EZRecorder.m */,
				EB85AA741B5CDFD600F4F4F3 /* TPCircularBuffer.c */,
				EB85AA751B5CDFD600F4F4F3 /* TPCircularBuffer.h */,
				EB85AA761B5CDFD600F4F4F3 /* VERSION */,
			);
			path = EZAudio;
			sourceTree = "<group>";
		};
		EB85AA761B5CDFD600F4F4F3 /* VERSION */ = {
			isa = PBXGroup;
			children = (
				EB85AA771B5CDFD600F4F4F3 /* CHANGELOG */,
				EB85AA781B5CDFD600F4F4F3 /* VERSION */,
			);
			path = VERSION;
			sourceTree = "<group>";
		};
		EB85AA9D1B5CE04900F4F4F3 /* Frameworks */ = {
			isa = PBXGroup;
			children = (
				39F53C121BCDF1230033732A /* StoreKit.framework */,
				39F53BFF1BC0C7E20033732A /* libsqlite3.dylib */,
				39F53BFD1BC0C7CF0033732A /* libstdc++.6.0.9.dylib */,
				39F53BFB1BC0C7B80033732A /* libz.1.dylib */,
				39EBA4111B8D963F009D392F /* AMapSearchKit.framework */,
				39EBA4121B8D963F009D392F /* MAMapKit.framework */,
				39EBA40F1B8D9633009D392F /* libstdc++.6.0.9.dylib */,
				39EBA40D1B8D961E009D392F /* UIKit.framework */,
				39EBA40B1B8D9618009D392F /* Foundation.framework */,
				39EBA4091B8D95FC009D392F /* Security.framework */,
				39BDA2131B84153E00CBA988 /* libsqlite3.dylib */,
				EBFBBA591B6F0BD00065902F /* SystemConfiguration.framework */,
				EBFBBA571B6F0BB50065902F /* AddressBook.framework */,
				EBFBBA551B6F0B9E0065902F /* libz.dylib */,
				EBFBBA531B6F0B5F0065902F /* libSunFlower.a */,
				EBFBBA511B6F0B100065902F /* CoreTelephony.framework */,
				EBFBBA4C1B6F077A0065902F /* iflyMSC.framework */,
				EB4A48651B4E06A300CABEB1 /* AudioToolbox.framework */,
				EB4A48631B4E068900CABEB1 /* GLKit.framework */,
				EB52891F1B46302800E35384 /* MapKit.framework */,
				EB52891D1B46301C00E35384 /* MessageUI.framework */,
				EB52891B1B46301300E35384 /* CoreGraphics.framework */,
				EB5289191B462FFE00E35384 /* ImageIO.framework */,
				EB5289171B462FF000E35384 /* QuartzCore.framework */,
				EB2398241B453EA1004182BC /* CoreLocation.framework */,
				EB23981E1B45210C004182BC /* AVFoundation.framework */,
			);
			name = Frameworks;
			sourceTree = "<group>";
		};
		EB85AA9E1B5CE1F300F4F4F3 /* UI */ = {
			isa = PBXGroup;
			children = (
				3991139D1B9566A000D6F672 /* CameraOverlayController.xib */,
				39B38ED21B9024310090A809 /* PickerViewController.xib */,
				39EBA45F1B8DF526009D392F /* SettingViewController.xib */,
				EB23980F1B44E733004182BC /* LaunchScreen.xib */,
				EB2398131B44EEE7004182BC /* TagPhotoViewController.xib */,
				EB2398181B44F05B004182BC /* CompleteViewController.xib */,
				39F53C0E1BCCE1380033732A /* MerchantViewController.xib */,
			);
			name = UI;
			sourceTree = "<group>";
		};
		EB85AA9F1B5CE22700F4F4F3 /* Source */ = {
			isa = PBXGroup;
			children = (
				EB2397F81B44E0E2004182BC /* APPAppDelegate.h */,
				39BDA2181B84223F00CBA988 /* APPAppDelegate.m */,
				3991139B1B9566A000D6F672 /* CameraOverlayController.h */,
				3991139C1B9566A000D6F672 /* CameraOverlayController.m */,
				393374431B9C6566002455BB /* NewFeatureController.h */,
				393374441B9C6566002455BB /* NewFeatureController.m */,
				39EBA45D1B8DF526009D392F /* SettingViewController.h */,
				39EBA45E1B8DF526009D392F /* SettingViewController.m */,
				39F53C0C1BCCE1380033732A /* MerchantViewController.h */,
				39F53C0D1BCCE1380033732A /* MerchantViewController.m */,
				39809E771B9D6D6E00014A0C /* DropdownMenu.h */,
				39809E781B9D6D6E00014A0C /* DropdownMenu.m */,
				EB23981B1B450A27004182BC /* ImageInfo.h */,
				EB23981C1B450A73004182BC /* ImageInfo.m */,
				EB2398111B44EEE7004182BC /* TagPhotoViewController.h */,
				EB2398121B44EEE7004182BC /* TagPhotoViewController.m */,
				5C3F0EA01BA2A9CF009C9CBD /* RectangleView.h */,
				5C3F0EA11BA2A9CF009C9CBD /* RectangleView.m */,
				EB2398161B44F05B004182BC /* CompleteViewController.h */,
				EB2398171B44F05B004182BC /* CompleteViewController.m */,
				EB2398261B4543F0004182BC /* Global.h */,
				EB2398271B45442C004182BC /* Global.m */,
				EB52892C1B4646D600E35384 /* MyPhotoBrowser.h */,
				EB52892D1B4646D600E35384 /* MyPhotoBrowser.m */,
				EB5289361B46718900E35384 /* PhotoDataProvider.h */,
				EB5289371B46718900E35384 /* PhotoDataProvider.m */,
				393374481B9C667A002455BB /* UIView+Extension.h */,
				393374491B9C667A002455BB /* UIView+Extension.m */,
				EB52893B1B4A27F800E35384 /* DataHolder.h */,
				EB52893C1B4A27F800E35384 /* DataHolder.m */,
				EB4A48471B4A470800CABEB1 /* HttpHelper.h */,
				EB4A48481B4A470800CABEB1 /* HttpHelper.m */,
				39BDA2521B84719A00CBA988 /* DataBaseHelper.h */,
				39BDA2531B84719A00CBA988 /* DataBaseHelper.m */,
				EBFBBA4E1B6F08F10065902F /* IATConfig.h */,
				EBFBBA4F1B6F08F10065902F /* IATConfig.m */,
				EBFBBA5B1B6F19A60065902F /* ISRDataHelper.h */,
				EBFBBA5C1B6F19A60065902F /* ISRDataHelper.m */,
			);
			name = Source;
			sourceTree = "<group>";
		};
/* End PBXGroup section */

/* Begin PBXNativeTarget section */
		EB2397CE1B44E066004182BC /* VoiceImage */ = {
			isa = PBXNativeTarget;
			buildConfigurationList = EB2397F21B44E066004182BC /* Build configuration list for PBXNativeTarget "VoiceImage" */;
			buildPhases = (
				EB2397CB1B44E066004182BC /* Sources */,
				EB2397CC1B44E066004182BC /* Frameworks */,
				EB2397CD1B44E066004182BC /* Resources */,
			);
			buildRules = (
			);
			dependencies = (
				EB52892B1B4635B800E35384 /* PBXTargetDependency */,
			);
			name = VoiceImage;
			productName = VoiceImage;
			productReference = EB2397CF1B44E066004182BC /* 大嘴说图.app */;
			productType = "com.apple.product-type.application";
		};
		EB2397E71B44E066004182BC /* VoiceImageTests */ = {
			isa = PBXNativeTarget;
			buildConfigurationList = EB2397F51B44E066004182BC /* Build configuration list for PBXNativeTarget "VoiceImageTests" */;
			buildPhases = (
				EB2397E41B44E066004182BC /* Sources */,
				EB2397E51B44E066004182BC /* Frameworks */,
				EB2397E61B44E066004182BC /* Resources */,
			);
			buildRules = (
			);
			dependencies = (
				EB2397EA1B44E066004182BC /* PBXTargetDependency */,
			);
			name = VoiceImageTests;
			productName = VoiceImageTests;
			productReference = EB2397E81B44E066004182BC /* VoiceImageTests.xctest */;
			productType = "com.apple.product-type.bundle.unit-test";
		};
/* End PBXNativeTarget section */

/* Begin PBXProject section */
		EB2397C71B44E066004182BC /* Project object */ = {
			isa = PBXProject;
			attributes = {
				LastUpgradeCheck = 0630;
				ORGANIZATIONNAME = SPG;
				TargetAttributes = {
					EB2397CE1B44E066004182BC = {
						CreatedOnToolsVersion = 6.3.2;
						DevelopmentTeam = KDU7J4D4DG;
						SystemCapabilities = {
							com.apple.OMC = {
								enabled = 1;
							};
						};
					};
					EB2397E71B44E066004182BC = {
						CreatedOnToolsVersion = 6.3.2;
						DevelopmentTeam = KDU7J4D4DG;
						TestTargetID = EB2397CE1B44E066004182BC;
					};
				};
			};
			buildConfigurationList = EB2397CA1B44E066004182BC /* Build configuration list for PBXProject "VoiceImage" */;
			compatibilityVersion = "Xcode 3.2";
			developmentRegion = English;
			hasScannedForEncodings = 0;
			knownRegions = (
				en,
				Base,
			);
			mainGroup = EB2397C61B44E066004182BC;
			productRefGroup = EB2397D01B44E066004182BC /* Products */;
			projectDirPath = "";
			projectReferences = (
				{
					ProductGroup = EB5289221B46343D00E35384 /* Products */;
					ProjectRef = EB5289211B46343D00E35384 /* MWPhotoBrowser.xcodeproj */;
				},
			);
			projectRoot = "";
			targets = (
				EB2397CE1B44E066004182BC /* VoiceImage */,
				EB2397E71B44E066004182BC /* VoiceImageTests */,
			);
		};
/* End PBXProject section */

/* Begin PBXReferenceProxy section */
		EB5289261B46343D00E35384 /* libMWPhotoBrowser.a */ = {
			isa = PBXReferenceProxy;
			fileType = archive.ar;
			path = libMWPhotoBrowser.a;
			remoteRef = EB5289251B46343D00E35384 /* PBXContainerItemProxy */;
			sourceTree = BUILT_PRODUCTS_DIR;
		};
/* End PBXReferenceProxy section */

/* Begin PBXResourcesBuildPhase section */
		EB2397CD1B44E066004182BC /* Resources */ = {
			isa = PBXResourcesBuildPhase;
			buildActionMask = 2147483647;
			files = (
				3971357A1B96BF350092B846 /* Dzst_cbl_bg.png in Resources */,
				39B38F991B954EAB0090A809 /* photo_bg1@2x.png in Resources */,
				397135801B96BF350092B846 /* Dzst_cbl_icon_wifi_off.png in Resources */,
				39B38F881B954EAB0090A809 /* Dzst_mainpage_icon-camera@2x.png in Resources */,
				39F53C101BCCE1380033732A /* MerchantViewController.xib in Resources */,
				5CECCBE71BA2E9F70070927E /* Dzst_face_detect.png in Resources */,
				39B38F981B954EAB0090A809 /* icon.png in Resources */,
				392CAB8C1B9FC0A3001F284A /* SVProgressHUD.bundle in Resources */,
				39B38F921B954EAB0090A809 /* Dzst_tag.png in Resources */,
				39B38F8A1B954EAB0090A809 /* Dzst_mainpage_ps@2x.png in Resources */,
				EB2398151B44EEE7004182BC /* TagPhotoViewController.xib in Resources */,
				39B38F8E1B954EAB0090A809 /* Dzst_succeed_icon2@2x.png in Resources */,
				39B38F961B954EAB0090A809 /* Dzst_take-photo_icon_click.png in Resources */,
				39B38ED41B9024310090A809 /* PickerViewController.xib in Resources */,
				3971357F1B96BF350092B846 /* Dzst_cbl_icon_Wechat.png in Resources */,
				39B38F891B954EAB0090A809 /* Dzst_mainpage_icon_search@2x.png in Resources */,
				39F53C0A1BCBEDDF0033732A /* Images.xcassets in Resources */,
				3971357B1B96BF350092B846 /* Dzst_cbl_icon_arrow_click.png in Resources */,
				39B38F861B954EAB0090A809 /* Dzst_mainpage_bg@2x.png in Resources */,
				39EBA4611B8DF526009D392F /* SettingViewController.xib in Resources */,
				39B38F851B954EAB0090A809 /* Dzst_loading_microsoft-logo@2x.png in Resources */,
				5CECCBE91BA2EC130070927E /* Dzst_upload.png in Resources */,
				393374501B9C6EF4002455BB /* Dzst_splash2.png in Resources */,
				39B38F8C1B954EAB0090A809 /* Dzst_start1.png in Resources */,
				39B38F831B954EAB0090A809 /* Dzst_function_icon-yy_press@2x.png in Resources */,
				39B38F7F1B954EAB0090A809 /* Dzst_function_bg-pic.png in Resources */,
				397135791B96BF350092B846 /* Dzst_cbl_avatar.png in Resources */,
				39B38F871B954EAB0090A809 /* Dzst_mainpage_czzp@2x.png in Resources */,
				EB85AA881B5CDFD600F4F4F3 /* CHANGELOG in Resources */,
				39B38F9C1B954FCC0090A809 /* Dzst_loading.png in Resources */,
				3991139F1B9566A000D6F672 /* CameraOverlayController.xib in Resources */,
				3971357C1B96BF350092B846 /* Dzst_cbl_icon_arrow_normal.png in Resources */,
				39B38F8D1B954EAB0090A809 /* Dzst_start2.png in Resources */,
				393374521B9C6EF4002455BB /* Dzst_splash4.png in Resources */,
				3971357E1B96BF350092B846 /* Dzst_cbl_icon_QQ.png in Resources */,
				39B38F971B954EAB0090A809 /* Dzst_take-photo_upbg.png in Resources */,
				39B38F801B954EAB0090A809 /* Dzst_function_foot-bg@2x.png in Resources */,
				393374391B9C2A02002455BB /* Dzst_delete_desc.png in Resources */,
				3933742D1B96CD1C002455BB /* Dzst_color.png in Resources */,
				393374511B9C6EF4002455BB /* Dzst_splash3.png in Resources */,
				EB5289291B46348B00E35384 /* MWPhotoBrowser.bundle in Resources */,
				39B38F951B954EAB0090A809 /* Dzst_take-photo_icon.png in Resources */,
				39B38F941B954EAB0090A809 /* Dzst_take-photo_down.png in Resources */,
				397135811B96BF350092B846 /* Dzst_cbl_icon_wifi_on.png in Resources */,
				39B38F8B1B954EAB0090A809 /* Dzst_start.png in Resources */,
				39B38F911B954EAB0090A809 /* Dzst_succeed_right@2x.png in Resources */,
				39B38F9A1B954EAB0090A809 /* photo_bg2@2x.png in Resources */,
				39B38F8F1B954EAB0090A809 /* Dzst_succeed_icon@2x.png in Resources */,
				3933744F1B9C6EF4002455BB /* Dzst_splash1.png in Resources */,
				EB23981A1B44F05B004182BC /* CompleteViewController.xib in Resources */,
				397135831B96BF350092B846 /* Dzst_line.png in Resources */,
				EB2398101B44E733004182BC /* LaunchScreen.xib in Resources */,
				39B38F821B954EAB0090A809 /* Dzst_function_icon-yy_normal@2x.png in Resources */,
				39B38F901B954EAB0090A809 /* Dzst_succeed_icon_click@2x.png in Resources */,
				397135821B96BF350092B846 /* Dzst_cbl_icon_wifi.png in Resources */,
				39809E761B9D6A5C00014A0C /* Dzst_cbl_icon_language.png in Resources */,
				39B38F811B954EAB0090A809 /* Dzst_function_icon-arrow@2x.png in Resources */,
				39B38F841B954EAB0090A809 /* Dzst_loading_icon@2x.png in Resources */,
				39B38F931B954EAB0090A809 /* Dzst_take-photo.png in Resources */,
				EB85AA891B5CDFD600F4F4F3 /* VERSION in Resources */,
			);
			runOnlyForDeploymentPostprocessing = 0;
		};
		EB2397E61B44E066004182BC /* Resources */ = {
			isa = PBXResourcesBuildPhase;
			buildActionMask = 2147483647;
			files = (
			);
			runOnlyForDeploymentPostprocessing = 0;
		};
/* End PBXResourcesBuildPhase section */

/* Begin PBXSourcesBuildPhase section */
		EB2397CB1B44E066004182BC /* Sources */ = {
			isa = PBXSourcesBuildPhase;
			buildActionMask = 2147483647;
			files = (
				39F53C3A1BCDF8950033732A /* NSString+Base64.m in Sources */,
				EB85AA851B5CDFD600F4F4F3 /* EZPlot.m in Sources */,
				EB2398141B44EEE7004182BC /* TagPhotoViewController.m in Sources */,
				3933744A1B9C667A002455BB /* UIView+Extension.m in Sources */,
				EB4A48491B4A470800CABEB1 /* HttpHelper.m in Sources */,
				EBFBBA5D1B6F19A60065902F /* ISRDataHelper.m in Sources */,
				39EBA2B71B8B58C4009D392F /* AFURLConnectionOperation.m in Sources */,
				393374461B9C6566002455BB /* NewFeatureController.m in Sources */,
				EB5289381B46718900E35384 /* PhotoDataProvider.m in Sources */,
				EB52892E1B4646D600E35384 /* MyPhotoBrowser.m in Sources */,
				39EBA45C1B8DF3B3009D392F /* YRSideViewController.m in Sources */,
				EB2398191B44F05B004182BC /* CompleteViewController.m in Sources */,
				393374371B9C0C09002455BB /* Reachability.m in Sources */,
				EB52893D1B4A27F800E35384 /* DataHolder.m in Sources */,
				EB85AA7F1B5CDFD600F4F4F3 /* EZAudioPlayer.m in Sources */,
				39EBA2B81B8B58C4009D392F /* AFURLRequestSerialization.m in Sources */,
				EB85AA7B1B5CDFD600F4F4F3 /* EZAudioDisplayLink.m in Sources */,
				39BDA2541B84719A00CBA988 /* DataBaseHelper.m in Sources */,
				39F53C391BCDF8950033732A /* IAPShare.m in Sources */,
				EB85AA821B5CDFD600F4F4F3 /* EZAudioUtilities.m in Sources */,
				EB85AA871B5CDFD600F4F4F3 /* TPCircularBuffer.c in Sources */,
				EB85AA841B5CDFD600F4F4F3 /* EZOutput.m in Sources */,
				392CAB8B1B9FC0A3001F284A /* SVIndefiniteAnimatedView.m in Sources */,
				EBFBBA501B6F08F10065902F /* IATConfig.m in Sources */,
				EB85AA7C1B5CDFD600F4F4F3 /* EZAudioFile.m in Sources */,
				EB85AA791B5CDFD600F4F4F3 /* EZAudio.m in Sources */,
				EB2398281B45442C004182BC /* Global.m in Sources */,
				39BDA2191B84223F00CBA988 /* APPAppDelegate.m in Sources */,
				EB85AA7A1B5CDFD600F4F4F3 /* EZAudioDevice.m in Sources */,
				39EBA2B61B8B58C4009D392F /* AFSecurityPolicy.m in Sources */,
				39F53C3B1BCDF8950033732A /* SFHFKeychainUtils.m in Sources */,
				39F53C381BCDF8950033732A /* IAPHelper.m in Sources */,
				392CAB8E1B9FC0A3001F284A /* SVRadialGradientLayer.m in Sources */,
				39EBA2BA1B8B58C4009D392F /* AFURLSessionManager.m in Sources */,
				39EBA4601B8DF526009D392F /* SettingViewController.m in Sources */,
				EB85AA7E1B5CDFD600F4F4F3 /* EZAudioFloatData.m in Sources */,
				39EBA2B31B8B58C4009D392F /* AFHTTPRequestOperationManager.m in Sources */,
				EB85AA801B5CDFD600F4F4F3 /* EZAudioPlot.m in Sources */,
				392CAB8D1B9FC0A3001F284A /* SVProgressHUD.m in Sources */,
				39809E791B9D6D6E00014A0C /* DropdownMenu.m in Sources */,
				EB85AA831B5CDFD600F4F4F3 /* EZMicrophone.m in Sources */,
				39EBA2B91B8B58C4009D392F /* AFURLResponseSerialization.m in Sources */,
				EB85AA7D1B5CDFD600F4F4F3 /* EZAudioFloatConverter.m in Sources */,
				39EBA2B41B8B58C4009D392F /* AFHTTPSessionManager.m in Sources */,
				39EBA2B51B8B58C4009D392F /* AFNetworkReachabilityManager.m in Sources */,
				3991139E1B9566A000D6F672 /* CameraOverlayController.m in Sources */,
				5C3F0EA21BA2A9CF009C9CBD /* RectangleView.m in Sources */,
				39F53C0F1BCCE1380033732A /* MerchantViewController.m in Sources */,
				EB85AA861B5CDFD600F4F4F3 /* EZRecorder.m in Sources */,
				39EBA2B21B8B58C4009D392F /* AFHTTPRequestOperation.m in Sources */,
				EB23981D1B450A73004182BC /* ImageInfo.m in Sources */,
				EB2397D51B44E066004182BC /* main.m in Sources */,
				EB85AA811B5CDFD600F4F4F3 /* EZAudioPlotGL.m in Sources */,
			);
			runOnlyForDeploymentPostprocessing = 0;
		};
		EB2397E41B44E066004182BC /* Sources */ = {
			isa = PBXSourcesBuildPhase;
			buildActionMask = 2147483647;
			files = (
				EB2397EF1B44E066004182BC /* VoiceImageTests.m in Sources */,
			);
			runOnlyForDeploymentPostprocessing = 0;
		};
/* End PBXSourcesBuildPhase section */

/* Begin PBXTargetDependency section */
		EB2397EA1B44E066004182BC /* PBXTargetDependency */ = {
			isa = PBXTargetDependency;
			target = EB2397CE1B44E066004182BC /* VoiceImage */;
			targetProxy = EB2397E91B44E066004182BC /* PBXContainerItemProxy */;
		};
		EB52892B1B4635B800E35384 /* PBXTargetDependency */ = {
			isa = PBXTargetDependency;
			name = MWPhotoBrowser;
			targetProxy = EB52892A1B4635B800E35384 /* PBXContainerItemProxy */;
		};
/* End PBXTargetDependency section */

/* Begin XCBuildConfiguration section */
		EB2397F01B44E066004182BC /* Debug */ = {
			isa = XCBuildConfiguration;
			buildSettings = {
				ALWAYS_SEARCH_USER_PATHS = NO;
				CLANG_CXX_LANGUAGE_STANDARD = "gnu++0x";
				CLANG_CXX_LIBRARY = "libc++";
				CLANG_ENABLE_MODULES = YES;
				CLANG_ENABLE_OBJC_ARC = YES;
				CLANG_WARN_BOOL_CONVERSION = YES;
				CLANG_WARN_CONSTANT_CONVERSION = YES;
				CLANG_WARN_DIRECT_OBJC_ISA_USAGE = YES_ERROR;
				CLANG_WARN_EMPTY_BODY = YES;
				CLANG_WARN_ENUM_CONVERSION = YES;
				CLANG_WARN_INT_CONVERSION = YES;
				CLANG_WARN_OBJC_ROOT_CLASS = YES_ERROR;
				CLANG_WARN_UNREACHABLE_CODE = YES;
				CLANG_WARN__DUPLICATE_METHOD_MATCH = YES;
				CODE_SIGN_IDENTITY = "iPhone Developer: Hou Weifeng (59Z3DV5VL8)";
				"CODE_SIGN_IDENTITY[sdk=iphoneos*]" = "iPhone Developer: Hou Weifeng (59Z3DV5VL8)";
				COPY_PHASE_STRIP = NO;
				DEBUG_INFORMATION_FORMAT = "dwarf-with-dsym";
				ENABLE_STRICT_OBJC_MSGSEND = YES;
				GCC_C_LANGUAGE_STANDARD = gnu99;
				GCC_DYNAMIC_NO_PIC = NO;
				GCC_NO_COMMON_BLOCKS = YES;
				GCC_OPTIMIZATION_LEVEL = 0;
				GCC_PREPROCESSOR_DEFINITIONS = (
					"DEBUG=1",
					"$(inherited)",
				);
				GCC_SYMBOLS_PRIVATE_EXTERN = NO;
				GCC_WARN_64_TO_32_BIT_CONVERSION = YES;
				GCC_WARN_ABOUT_RETURN_TYPE = YES_ERROR;
				GCC_WARN_UNDECLARED_SELECTOR = YES;
				GCC_WARN_UNINITIALIZED_AUTOS = YES_AGGRESSIVE;
				GCC_WARN_UNUSED_FUNCTION = YES;
				GCC_WARN_UNUSED_VARIABLE = YES;
				IPHONEOS_DEPLOYMENT_TARGET = 8.3;
				MTL_ENABLE_DEBUG_INFO = YES;
				ONLY_ACTIVE_ARCH = YES;
				SDKROOT = iphoneos;
			};
			name = Debug;
		};
		EB2397F11B44E066004182BC /* Release */ = {
			isa = XCBuildConfiguration;
			buildSettings = {
				ALWAYS_SEARCH_USER_PATHS = NO;
				CLANG_CXX_LANGUAGE_STANDARD = "gnu++0x";
				CLANG_CXX_LIBRARY = "libc++";
				CLANG_ENABLE_MODULES = YES;
				CLANG_ENABLE_OBJC_ARC = YES;
				CLANG_WARN_BOOL_CONVERSION = YES;
				CLANG_WARN_CONSTANT_CONVERSION = YES;
				CLANG_WARN_DIRECT_OBJC_ISA_USAGE = YES_ERROR;
				CLANG_WARN_EMPTY_BODY = YES;
				CLANG_WARN_ENUM_CONVERSION = YES;
				CLANG_WARN_INT_CONVERSION = YES;
				CLANG_WARN_OBJC_ROOT_CLASS = YES_ERROR;
				CLANG_WARN_UNREACHABLE_CODE = YES;
				CLANG_WARN__DUPLICATE_METHOD_MATCH = YES;
				CODE_SIGN_IDENTITY = "iPhone Developer: Hou Weifeng (59Z3DV5VL8)";
				"CODE_SIGN_IDENTITY[sdk=iphoneos*]" = "iPhone Developer: Hou Weifeng (59Z3DV5VL8)";
				COPY_PHASE_STRIP = NO;
				DEBUG_INFORMATION_FORMAT = "dwarf-with-dsym";
				ENABLE_NS_ASSERTIONS = NO;
				ENABLE_STRICT_OBJC_MSGSEND = YES;
				GCC_C_LANGUAGE_STANDARD = gnu99;
				GCC_NO_COMMON_BLOCKS = YES;
				GCC_WARN_64_TO_32_BIT_CONVERSION = YES;
				GCC_WARN_ABOUT_RETURN_TYPE = YES_ERROR;
				GCC_WARN_UNDECLARED_SELECTOR = YES;
				GCC_WARN_UNINITIALIZED_AUTOS = YES_AGGRESSIVE;
				GCC_WARN_UNUSED_FUNCTION = YES;
				GCC_WARN_UNUSED_VARIABLE = YES;
				IPHONEOS_DEPLOYMENT_TARGET = 8.3;
				MTL_ENABLE_DEBUG_INFO = NO;
				SDKROOT = iphoneos;
				VALIDATE_PRODUCT = YES;
			};
			name = Release;
		};
		EB2397F31B44E066004182BC /* Debug */ = {
			isa = XCBuildConfiguration;
			buildSettings = {
				ALWAYS_SEARCH_USER_PATHS = YES;
				ASSETCATALOG_COMPILER_APPICON_NAME = AppIcon;
				ASSETCATALOG_COMPILER_LAUNCHIMAGE_NAME = BrandAsset;
				CODE_SIGN_ENTITLEMENTS = "VoiceImage/大嘴说图.entitlements";
				CODE_SIGN_IDENTITY = "iPhone Developer";
				"CODE_SIGN_IDENTITY[sdk=iphoneos*]" = "iPhone Developer";
				ENABLE_BITCODE = NO;
				FRAMEWORK_SEARCH_PATHS = (
					"$(inherited)",
					"$(PROJECT_DIR)/lib",
					"$(PROJECT_DIR)/Extern",
				);
				HEADER_SEARCH_PATHS = "$(PROJECT_DIR)/lib/sunflower";
				INFOPLIST_FILE = VoiceImage/Info.plist;
				IPHONEOS_DEPLOYMENT_TARGET = 8.1;
				LD_RUNPATH_SEARCH_PATHS = "$(inherited) @executable_path/Frameworks";
				LIBRARY_SEARCH_PATHS = (
					"$(inherited)",
					"$(PROJECT_DIR)",
					"$(PROJECT_DIR)/lib/sunflower",
				);
				OTHER_LDFLAGS = "-ObjC";
				PRODUCT_NAME = "大嘴说图";
				PROVISIONING_PROFILE = "";
				SDKROOT = iphoneos;
				USER_HEADER_SEARCH_PATHS = "./** MWPhotoBrowser/**";
			};
			name = Debug;
		};
		EB2397F41B44E066004182BC /* Release */ = {
			isa = XCBuildConfiguration;
			buildSettings = {
				ALWAYS_SEARCH_USER_PATHS = YES;
				ASSETCATALOG_COMPILER_APPICON_NAME = AppIcon;
				ASSETCATALOG_COMPILER_LAUNCHIMAGE_NAME = BrandAsset;
				CODE_SIGN_ENTITLEMENTS = "VoiceImage/大嘴说图.entitlements";
				CODE_SIGN_IDENTITY = "iPhone Developer";
				"CODE_SIGN_IDENTITY[sdk=iphoneos*]" = "iPhone Developer";
				ENABLE_BITCODE = NO;
				FRAMEWORK_SEARCH_PATHS = (
					"$(inherited)",
					"$(PROJECT_DIR)/lib",
					"$(PROJECT_DIR)/Extern",
				);
				HEADER_SEARCH_PATHS = "$(PROJECT_DIR)/lib/sunflower";
				INFOPLIST_FILE = VoiceImage/Info.plist;
				IPHONEOS_DEPLOYMENT_TARGET = 8.1;
				LD_RUNPATH_SEARCH_PATHS = "$(inherited) @executable_path/Frameworks";
				LIBRARY_SEARCH_PATHS = (
					"$(inherited)",
					"$(PROJECT_DIR)",
					"$(PROJECT_DIR)/lib/sunflower",
				);
				OTHER_LDFLAGS = "-ObjC";
				PRODUCT_NAME = "大嘴说图";
				PROVISIONING_PROFILE = "";
				SDKROOT = iphoneos;
				USER_HEADER_SEARCH_PATHS = "./** MWPhotoBrowser/**";
			};
			name = Release;
		};
		EB2397F61B44E066004182BC /* Debug */ = {
			isa = XCBuildConfiguration;
			buildSettings = {
				BUNDLE_LOADER = "$(TEST_HOST)";
				CODE_SIGN_IDENTITY = "iPhone Developer";
				"CODE_SIGN_IDENTITY[sdk=iphoneos*]" = "iPhone Developer";
				FRAMEWORK_SEARCH_PATHS = (
					"$(SDKROOT)/Developer/Library/Frameworks",
					"$(inherited)",
				);
				GCC_PREPROCESSOR_DEFINITIONS = (
					"DEBUG=1",
					"$(inherited)",
				);
				INFOPLIST_FILE = VoiceImageTests/Info.plist;
				LD_RUNPATH_SEARCH_PATHS = "$(inherited) @executable_path/Frameworks @loader_path/Frameworks";
				PRODUCT_NAME = "$(TARGET_NAME)";
				PROVISIONING_PROFILE = "";
				TEST_HOST = "";
				TREAT_MISSING_BASELINES_AS_TEST_FAILURES = YES;
			};
			name = Debug;
		};
		EB2397F71B44E066004182BC /* Release */ = {
			isa = XCBuildConfiguration;
			buildSettings = {
				BUNDLE_LOADER = "$(TEST_HOST)";
				CODE_SIGN_IDENTITY = "iPhone Developer";
				"CODE_SIGN_IDENTITY[sdk=iphoneos*]" = "iPhone Developer";
				FRAMEWORK_SEARCH_PATHS = (
					"$(SDKROOT)/Developer/Library/Frameworks",
					"$(inherited)",
				);
				INFOPLIST_FILE = VoiceImageTests/Info.plist;
				LD_RUNPATH_SEARCH_PATHS = "$(inherited) @executable_path/Frameworks @loader_path/Frameworks";
				PRODUCT_NAME = "$(TARGET_NAME)";
				PROVISIONING_PROFILE = "";
				TEST_HOST = "";
				TREAT_MISSING_BASELINES_AS_TEST_FAILURES = YES;
			};
			name = Release;
		};
/* End XCBuildConfiguration section */

/* Begin XCConfigurationList section */
		EB2397CA1B44E066004182BC /* Build configuration list for PBXProject "VoiceImage" */ = {
			isa = XCConfigurationList;
			buildConfigurations = (
				EB2397F01B44E066004182BC /* Debug */,
				EB2397F11B44E066004182BC /* Release */,
			);
			defaultConfigurationIsVisible = 0;
			defaultConfigurationName = Release;
		};
		EB2397F21B44E066004182BC /* Build configuration list for PBXNativeTarget "VoiceImage" */ = {
			isa = XCConfigurationList;
			buildConfigurations = (
				EB2397F31B44E066004182BC /* Debug */,
				EB2397F41B44E066004182BC /* Release */,
			);
			defaultConfigurationIsVisible = 0;
			defaultConfigurationName = Release;
		};
		EB2397F51B44E066004182BC /* Build configuration list for PBXNativeTarget "VoiceImageTests" */ = {
			isa = XCConfigurationList;
			buildConfigurations = (
				EB2397F61B44E066004182BC /* Debug */,
				EB2397F71B44E066004182BC /* Release */,
			);
			defaultConfigurationIsVisible = 0;
			defaultConfigurationName = Release;
		};
/* End XCConfigurationList section */
	};
	rootObject = EB2397C71B44E066004182BC /* Project object */;
}
